
Microsoft Visual Studio Solution File, Format Version 12.00
# Visual Studio Version 17
VisualStudioVersion = 17.10.35013.160
MinimumVisualStudioVersion = 10.0.40219.1
Project("{2150E333-8FDC-42A3-9474-1A3956D46DE8}") = "Shared codebase", "Shared codebase", "{D9A02077-29E0-4E4C-803A-F56382A194C3}"
EndProject
Project("{2150E333-8FDC-42A3-9474-1A3956D46DE8}") = "Tests", "Tests", "{0AEBD51C-0CA8-4681-A29C-6E1EBDD3524D}"
EndProject
Project("{9A19103F-16F7-4668-BE54-9A1E7A4F7556}") = "AoC.Pathfinding", "Shared codebase\AoC.Pathfinding\AoC.Pathfinding.csproj", "{16251223-30E2-4EF5-9D12-A523D9DFD823}"
EndProject
Project("{9A19103F-16F7-4668-BE54-9A1E7A4F7556}") = "TestDijkstra", "Tests\TestDijkstra\TestDijkstra.csproj", "{9D37A9DC-1747-4279-A7B4-05D5E2A9AE71}"
EndProject
Project("{9A19103F-16F7-4668-BE54-9A1E7A4F7556}") = "AoC.Geometry", "Shared codebase\AoC.Geometry\AoC.Geometry.csproj", "{AF5BBC16-EA20-46F5-BA25-C0872426DB0F}"
EndProject
Project("{2150E333-8FDC-42A3-9474-1A3956D46DE8}") = "2022", "2022", "{DA0F43CE-6AEA-45A4-9B7E-A21B2A5C4CA7}"
EndProject
Project("{2150E333-8FDC-42A3-9474-1A3956D46DE8}") = "2023", "2023", "{BBF8748F-EE0C-4742-95C0-4BA07E591932}"
EndProject
Project("{2150E333-8FDC-42A3-9474-1A3956D46DE8}") = "Day 01", "Day 01", "{F6988193-4B57-4705-971D-13C45D1A020E}"
EndProject
Project("{9A19103F-16F7-4668-BE54-9A1E7A4F7556}") = "Day01Puzzle01", "2022\Day01Puzzle01\Day01Puzzle01.csproj", "{814DD9AF-550F-47F3-8FAD-EC305086C82C}"
EndProject
Project("{9A19103F-16F7-4668-BE54-9A1E7A4F7556}") = "Day01Puzzle02", "2022\Day01Puzzle02\Day01Puzzle02.csproj", "{E0DC4C58-398C-4633-853C-D40C1BC8CF09}"
EndProject
Project("{2150E333-8FDC-42A3-9474-1A3956D46DE8}") = "Day 02", "Day 02", "{BAF292E1-AD48-4EF6-8102-C3BB43ECE626}"
EndProject
Project("{9A19103F-16F7-4668-BE54-9A1E7A4F7556}") = "Day02Puzzle01", "2022\Day02Puzzle01\Day02Puzzle01.csproj", "{565FAC32-AEFD-4BF0-AB66-43FDB23BF7B6}"
EndProject
Project("{9A19103F-16F7-4668-BE54-9A1E7A4F7556}") = "Day02Puzzle02", "2022\Day02Puzzle02\Day02Puzzle02.csproj", "{D3500654-BF8E-4944-AB53-FC4A814682B0}"
EndProject
Project("{2150E333-8FDC-42A3-9474-1A3956D46DE8}") = "Day 03", "Day 03", "{3FEAB821-A742-4222-B552-79202017A900}"
EndProject
Project("{9A19103F-16F7-4668-BE54-9A1E7A4F7556}") = "Day03Puzzle01", "2022\Day03Puzzle01\Day03Puzzle01.csproj", "{07D59BFE-F744-41EF-B27F-FD591AB10809}"
EndProject
Project("{9A19103F-16F7-4668-BE54-9A1E7A4F7556}") = "Day03Puzzle02", "2022\Day03Puzzle02\Day03Puzzle02.csproj", "{97504CD2-4E9C-4EBC-801D-F8C31218487C}"
EndProject
Project("{2150E333-8FDC-42A3-9474-1A3956D46DE8}") = "Day 04", "Day 04", "{839733E1-EB99-4846-AEF2-BD018CC1BB4F}"
EndProject
Project("{9A19103F-16F7-4668-BE54-9A1E7A4F7556}") = "Day04Puzzle01", "2022\Day04Puzzle01\Day04Puzzle01.csproj", "{9F7C8F6B-87D6-4A2C-861A-ACC8CFE4C4FA}"
EndProject
Project("{9A19103F-16F7-4668-BE54-9A1E7A4F7556}") = "Day04Puzzle02", "2022\Day04Puzzle02\Day04Puzzle02.csproj", "{82266809-A15A-4338-A461-C3276DC50C83}"
EndProject
Project("{2150E333-8FDC-42A3-9474-1A3956D46DE8}") = "Day 05", "Day 05", "{2770E370-337F-4752-A012-8998A0C65F68}"
EndProject
Project("{9A19103F-16F7-4668-BE54-9A1E7A4F7556}") = "Day05Puzzle01", "2022\Day05Puzzle01\Day05Puzzle01.csproj", "{CB2F5940-6C1F-4F62-8FF7-8DC2C7E6A7A2}"
EndProject
Project("{9A19103F-16F7-4668-BE54-9A1E7A4F7556}") = "Day05Puzzle02", "2022\Day05Puzzle02\Day05Puzzle02.csproj", "{93DD3C94-C7DD-48F6-86F3-80F96607A5A4}"
EndProject
Project("{2150E333-8FDC-42A3-9474-1A3956D46DE8}") = "Day 06", "Day 06", "{87A29E25-9BE4-4A1A-9BC4-683A674F5A65}"
EndProject
Project("{9A19103F-16F7-4668-BE54-9A1E7A4F7556}") = "Day06Puzzle01", "2022\Day06Puzzle01\Day06Puzzle01.csproj", "{A5424F75-7D25-401F-B879-A195CDC44E56}"
EndProject
Project("{9A19103F-16F7-4668-BE54-9A1E7A4F7556}") = "Day06Puzzle02", "2022\Day06Puzzle02\Day06Puzzle02.csproj", "{9E8DBCEE-AE4F-4A89-A977-6886FCB482D0}"
EndProject
Project("{2150E333-8FDC-42A3-9474-1A3956D46DE8}") = "Day 07", "Day 07", "{1593950B-1B72-47A8-8ECB-5CBAD590843C}"
EndProject
Project("{2150E333-8FDC-42A3-9474-1A3956D46DE8}") = "Day 08", "Day 08", "{EB28492E-7034-425D-A5D5-3E89693FBF40}"
EndProject
Project("{2150E333-8FDC-42A3-9474-1A3956D46DE8}") = "Day 09", "Day 09", "{41FA12CF-9275-468F-9F4D-994A42588033}"
EndProject
Project("{2150E333-8FDC-42A3-9474-1A3956D46DE8}") = "Day 10", "Day 10", "{5DD86835-E1E3-40BE-A17F-40D050C51200}"
EndProject
Project("{2150E333-8FDC-42A3-9474-1A3956D46DE8}") = "Day 11", "Day 11", "{0C143EAF-B87F-4C1D-96BC-8B860EB39B55}"
EndProject
Project("{2150E333-8FDC-42A3-9474-1A3956D46DE8}") = "Day 12", "Day 12", "{DEA738D4-05E1-45B4-91BE-D1BA4AA3B049}"
EndProject
Project("{2150E333-8FDC-42A3-9474-1A3956D46DE8}") = "Day 13", "Day 13", "{D32EC220-AD37-4694-9AF0-CD75DE8ACE2F}"
EndProject
Project("{2150E333-8FDC-42A3-9474-1A3956D46DE8}") = "Day 14", "Day 14", "{9225462E-E546-4640-B8A6-D184143390BA}"
EndProject
Project("{2150E333-8FDC-42A3-9474-1A3956D46DE8}") = "Day 15", "Day 15", "{7948B533-B5E4-4C3F-97F2-44F95714FEA4}"
EndProject
Project("{2150E333-8FDC-42A3-9474-1A3956D46DE8}") = "Day 16", "Day 16", "{EA857BF7-13B8-47A8-8427-85950EBD4D99}"
EndProject
Project("{2150E333-8FDC-42A3-9474-1A3956D46DE8}") = "Day 17", "Day 17", "{5CBD777F-DF65-49FE-8200-F9DBDA6EC453}"
EndProject
Project("{2150E333-8FDC-42A3-9474-1A3956D46DE8}") = "Day 18", "Day 18", "{A0199E7B-9339-495F-8372-138DE7A0C647}"
EndProject
Project("{2150E333-8FDC-42A3-9474-1A3956D46DE8}") = "Day 19", "Day 19", "{7A115F1B-20CB-45C0-9955-EB5FA0023021}"
EndProject
Project("{2150E333-8FDC-42A3-9474-1A3956D46DE8}") = "Day 20", "Day 20", "{E017E0E6-1435-4617-A2F0-3C54979FBCD6}"
EndProject
Project("{2150E333-8FDC-42A3-9474-1A3956D46DE8}") = "Day 21", "Day 21", "{997C29D6-0DDA-42AC-B4A4-D3CB28F638B5}"
EndProject
Project("{2150E333-8FDC-42A3-9474-1A3956D46DE8}") = "Day 22", "Day 22", "{4C04CD19-854D-4BCE-A80F-D35B78431122}"
EndProject
Project("{2150E333-8FDC-42A3-9474-1A3956D46DE8}") = "Day 23", "Day 23", "{639FB0CD-957C-4348-B78D-F628252F8A8B}"
EndProject
Project("{2150E333-8FDC-42A3-9474-1A3956D46DE8}") = "Day 24", "Day 24", "{697419D4-D75F-4B5E-8C94-8DD82320E7F9}"
EndProject
Project("{2150E333-8FDC-42A3-9474-1A3956D46DE8}") = "Day 25", "Day 25", "{996B5B76-BDFA-48EF-BB3B-353B326FCC3A}"
EndProject
Project("{9A19103F-16F7-4668-BE54-9A1E7A4F7556}") = "Day07Puzzle01", "2022\Day07Puzzle01\Day07Puzzle01.csproj", "{D7F07CAB-D1CB-4185-8B35-64CBAAC4C12D}"
EndProject
Project("{9A19103F-16F7-4668-BE54-9A1E7A4F7556}") = "Day07Puzzle02", "2022\Day07Puzzle02\Day07Puzzle02.csproj", "{89C97C2D-7554-4BB8-9E61-821A2BEA8BFD}"
EndProject
Project("{9A19103F-16F7-4668-BE54-9A1E7A4F7556}") = "Day08Puzzle01", "2022\Day08Puzzle01\Day08Puzzle01.csproj", "{AB612C32-0E49-4106-9DA8-3EBC98724E1F}"
EndProject
Project("{9A19103F-16F7-4668-BE54-9A1E7A4F7556}") = "Day08Puzzle02", "2022\Day08Puzzle02\Day08Puzzle02.csproj", "{A1E6F6D6-0EA3-4DB0-8289-8EC84D165BA0}"
EndProject
Project("{9A19103F-16F7-4668-BE54-9A1E7A4F7556}") = "Day09Puzzle01", "2022\Day09Puzzle01\Day09Puzzle01.csproj", "{4389E571-8CC9-4CD2-8CDB-2D362FEA0565}"
EndProject
Project("{9A19103F-16F7-4668-BE54-9A1E7A4F7556}") = "Day09Puzzle02", "2022\Day09Puzzle02\Day09Puzzle02.csproj", "{A7656962-4949-4459-B94D-B52D8E75AB2D}"
EndProject
Project("{9A19103F-16F7-4668-BE54-9A1E7A4F7556}") = "Day10Puzzle01", "2022\Day10Puzzle01\Day10Puzzle01.csproj", "{753E3F57-7EA5-4B68-8AF1-0627FB04C9A1}"
EndProject
Project("{9A19103F-16F7-4668-BE54-9A1E7A4F7556}") = "Day10Puzzle02", "2022\Day10Puzzle02\Day10Puzzle02.csproj", "{453910E3-EE0E-46D2-9507-FCE4980167BE}"
EndProject
Project("{9A19103F-16F7-4668-BE54-9A1E7A4F7556}") = "Day11Puzzle01", "2022\Day11Puzzle01\Day11Puzzle01.csproj", "{7DBB0EE4-E2C9-4749-84E6-C08E1B58C5D9}"
EndProject
Project("{9A19103F-16F7-4668-BE54-9A1E7A4F7556}") = "Day11Puzzle02", "2022\Day11Puzzle02\Day11Puzzle02.csproj", "{FBDD595E-66A6-4AB3-9340-7F417F9CF232}"
EndProject
Project("{9A19103F-16F7-4668-BE54-9A1E7A4F7556}") = "Day12Puzzle01", "2022\Day12Puzzle01\Day12Puzzle01.csproj", "{E5769210-865C-4188-BAC9-9624FC99E89F}"
EndProject
Project("{9A19103F-16F7-4668-BE54-9A1E7A4F7556}") = "Day12Puzzle02", "2022\Day12Puzzle02\Day12Puzzle02.csproj", "{901BBD48-FC0A-437C-8F42-159FE35F81F9}"
EndProject
Project("{9A19103F-16F7-4668-BE54-9A1E7A4F7556}") = "Day13Puzzle01", "2022\Day13Puzzle01\Day13Puzzle01.csproj", "{52927146-9CCC-43FD-BCD6-26A38A0CFCBD}"
EndProject
Project("{9A19103F-16F7-4668-BE54-9A1E7A4F7556}") = "Day13Puzzle02", "2022\Day13Puzzle02\Day13Puzzle02.csproj", "{2914C9C5-C8AF-44C0-A0E2-E6A3C48DF141}"
EndProject
Project("{9A19103F-16F7-4668-BE54-9A1E7A4F7556}") = "Day14Puzzle01", "2022\Day14Puzzle01\Day14Puzzle01.csproj", "{FC79F178-B36E-46AE-A12C-587D26828E19}"
EndProject
Project("{9A19103F-16F7-4668-BE54-9A1E7A4F7556}") = "Day14Puzzle02", "2022\Day14Puzzle02\Day14Puzzle02.csproj", "{1FD39529-DC57-4828-856A-17FE23C29C96}"
EndProject
Project("{9A19103F-16F7-4668-BE54-9A1E7A4F7556}") = "Day15Puzzle01", "2022\Day15Puzzle01\Day15Puzzle01.csproj", "{4AC1E67B-0D9D-499F-AAE7-34B7CC6CCD73}"
EndProject
Project("{9A19103F-16F7-4668-BE54-9A1E7A4F7556}") = "Day15Puzzle02", "2022\Day15Puzzle02\Day15Puzzle02.csproj", "{427D55F5-3C43-4EAB-AE45-6317697880F7}"
EndProject
Project("{9A19103F-16F7-4668-BE54-9A1E7A4F7556}") = "Day16Puzzle01", "2022\Day16Puzzle01\Day16Puzzle01.csproj", "{DE7683A5-0888-4D96-B0C6-28EDF661BF99}"
EndProject
Project("{9A19103F-16F7-4668-BE54-9A1E7A4F7556}") = "Day16Puzzle02", "2022\Day16Puzzle02\Day16Puzzle02.csproj", "{B7CF2BA6-1D53-4CBA-B328-0C57ED0320E2}"
EndProject
Project("{9A19103F-16F7-4668-BE54-9A1E7A4F7556}") = "Day08Puzzle03", "2022\Day08Puzzle03\Day08Puzzle03.csproj", "{994B12B7-79EA-48CD-8031-31E282D4022B}"
EndProject
Project("{9A19103F-16F7-4668-BE54-9A1E7A4F7556}") = "Day17Puzzle01", "2022\Day17Puzzle01\Day17Puzzle01.csproj", "{90BFE57F-8133-4709-BCEA-B53708FA689B}"
EndProject
Project("{9A19103F-16F7-4668-BE54-9A1E7A4F7556}") = "Day17Puzzle02", "2022\Day17Puzzle02\Day17Puzzle02.csproj", "{4FCA8FD1-4016-4002-9BB3-C4AFE1980574}"
EndProject
Project("{9A19103F-16F7-4668-BE54-9A1E7A4F7556}") = "Day18Puzzle01", "2022\Day18Puzzle01\Day18Puzzle01.csproj", "{981EEC1F-8C57-43D8-A9F0-8A47562D9C34}"
EndProject
Project("{9A19103F-16F7-4668-BE54-9A1E7A4F7556}") = "Day18Puzzle02", "2022\Day18Puzzle02\Day18Puzzle02.csproj", "{13B85D2E-FAAE-4437-8AA2-B63B4A01B85B}"
EndProject
Project("{9A19103F-16F7-4668-BE54-9A1E7A4F7556}") = "Day19Puzzle01", "2022\Day19Puzzle01\Day19Puzzle01.csproj", "{3F222B56-38D9-4515-A0CD-521EAA86A4E7}"
EndProject
Project("{9A19103F-16F7-4668-BE54-9A1E7A4F7556}") = "Day19Puzzle02", "2022\Day19Puzzle02\Day19Puzzle02.csproj", "{7BB34663-CC27-46AC-BA90-24093FA287FA}"
EndProject
Project("{9A19103F-16F7-4668-BE54-9A1E7A4F7556}") = "Day20Puzzle01", "2022\Day20Puzzle01\Day20Puzzle01.csproj", "{3C50874F-3148-4CCF-A80C-2561C51B03B0}"
EndProject
Project("{9A19103F-16F7-4668-BE54-9A1E7A4F7556}") = "Day20Puzzle02", "2022\Day20Puzzle02\Day20Puzzle02.csproj", "{61277FBB-546E-4A5B-8306-89085568FAC9}"
EndProject
Project("{9A19103F-16F7-4668-BE54-9A1E7A4F7556}") = "Day21Puzzle01", "2022\Day21Puzzle01\Day21Puzzle01.csproj", "{1715FD88-F3F9-4A9E-9E16-665784A53C22}"
EndProject
Project("{9A19103F-16F7-4668-BE54-9A1E7A4F7556}") = "Day21Puzzle02", "2022\Day21Puzzle02\Day21Puzzle02.csproj", "{5B6ABF46-D804-4EEC-AFAE-6C94DFB58538}"
EndProject
Project("{9A19103F-16F7-4668-BE54-9A1E7A4F7556}") = "Day22Puzzle01", "2022\Day22Puzzle01\Day22Puzzle01.csproj", "{9EF55D6C-E479-4574-9FCC-D5F752409269}"
EndProject
Project("{9A19103F-16F7-4668-BE54-9A1E7A4F7556}") = "Day22Puzzle02", "2022\Day22Puzzle02\Day22Puzzle02.csproj", "{03C4CB1B-A166-4529-9531-7D80F02F61CE}"
EndProject
Project("{9A19103F-16F7-4668-BE54-9A1E7A4F7556}") = "Day23Puzzle01", "2022\Day23Puzzle01\Day23Puzzle01.csproj", "{5ECDD05B-0598-41F2-9171-7484E52A0C75}"
EndProject
Project("{9A19103F-16F7-4668-BE54-9A1E7A4F7556}") = "Day23Puzzle02", "2022\Day23Puzzle02\Day23Puzzle02.csproj", "{6934695D-3B89-4430-8F8D-0D77F9264E30}"
EndProject
Project("{9A19103F-16F7-4668-BE54-9A1E7A4F7556}") = "Day24Puzzle01", "2022\Day24Puzzle01\Day24Puzzle01.csproj", "{F138A72F-2B1A-478F-A347-6015493655DF}"
EndProject
Project("{9A19103F-16F7-4668-BE54-9A1E7A4F7556}") = "Day24Puzzle02", "2022\Day24Puzzle02\Day24Puzzle02.csproj", "{3AB8EFB2-9B26-40C7-9268-4A50BF286881}"
EndProject
Project("{9A19103F-16F7-4668-BE54-9A1E7A4F7556}") = "Day25Puzzle01", "2022\Day25Puzzle01\Day25Puzzle01.csproj", "{DB13396E-F1A0-44CE-988A-9AA393E2FA47}"
EndProject
Project("{2150E333-8FDC-42A3-9474-1A3956D46DE8}") = "Day 01", "Day 01", "{312B59BD-3855-4C33-B871-3D95AF0975FC}"
EndProject
Project("{2150E333-8FDC-42A3-9474-1A3956D46DE8}") = "Day 02", "Day 02", "{CE137261-5F76-4D74-B995-4157D5819756}"
EndProject
Project("{2150E333-8FDC-42A3-9474-1A3956D46DE8}") = "Day 03", "Day 03", "{7436DD8D-290D-493E-8BB2-E59CA225BB73}"
EndProject
Project("{2150E333-8FDC-42A3-9474-1A3956D46DE8}") = "Day 04", "Day 04", "{976963A8-865B-48FC-8FCE-CC95A2283FDB}"
EndProject
Project("{2150E333-8FDC-42A3-9474-1A3956D46DE8}") = "Day 05", "Day 05", "{F3211E0E-89D7-47FF-A84B-7B5F49010FE8}"
EndProject
Project("{2150E333-8FDC-42A3-9474-1A3956D46DE8}") = "Day 06", "Day 06", "{8150E7CA-9CB1-436E-9227-F9B3F1B252B1}"
EndProject
Project("{2150E333-8FDC-42A3-9474-1A3956D46DE8}") = "Day 07", "Day 07", "{C1D857D5-5A5C-491C-903A-9B7877AF7E4F}"
EndProject
Project("{2150E333-8FDC-42A3-9474-1A3956D46DE8}") = "Day 08", "Day 08", "{B0E76370-587A-4E4B-B257-2F96B8C8BA58}"
EndProject
Project("{2150E333-8FDC-42A3-9474-1A3956D46DE8}") = "Day 09", "Day 09", "{8F0EF8ED-1E39-4C88-AE0E-017F85B142C4}"
EndProject
Project("{2150E333-8FDC-42A3-9474-1A3956D46DE8}") = "Day 10", "Day 10", "{E9D6F3EA-BCEE-4A19-9729-FCBC8BD26A6E}"
EndProject
Project("{2150E333-8FDC-42A3-9474-1A3956D46DE8}") = "Day 11", "Day 11", "{CB81A0CF-1273-4DA1-BE7A-C44DB9EF8D63}"
EndProject
Project("{2150E333-8FDC-42A3-9474-1A3956D46DE8}") = "Day 12", "Day 12", "{5EDA6545-FD1E-4794-9710-BDCA33EABC01}"
EndProject
Project("{2150E333-8FDC-42A3-9474-1A3956D46DE8}") = "Day 13", "Day 13", "{D32D79BD-06E6-49BA-929C-64D370A92F87}"
EndProject
Project("{2150E333-8FDC-42A3-9474-1A3956D46DE8}") = "Day 14", "Day 14", "{5D48A24F-0ACB-4BD5-8F7C-80BD10F1886D}"
EndProject
Project("{2150E333-8FDC-42A3-9474-1A3956D46DE8}") = "Day 15", "Day 15", "{FC100191-1344-4110-98DF-5A2C6CFD3D1B}"
EndProject
Project("{2150E333-8FDC-42A3-9474-1A3956D46DE8}") = "Day 16", "Day 16", "{E75327B6-6550-44E4-A95B-DF18C106D86A}"
EndProject
Project("{2150E333-8FDC-42A3-9474-1A3956D46DE8}") = "Day 17", "Day 17", "{505807F6-480C-4D58-96EC-92721A52AFF8}"
EndProject
Project("{2150E333-8FDC-42A3-9474-1A3956D46DE8}") = "Day 18", "Day 18", "{29F429A3-5C9C-4564-BE1A-418B8879375B}"
EndProject
Project("{2150E333-8FDC-42A3-9474-1A3956D46DE8}") = "Day 19", "Day 19", "{0C709AC2-07B3-45B8-9566-E2835BDC00DD}"
EndProject
Project("{2150E333-8FDC-42A3-9474-1A3956D46DE8}") = "Day 20", "Day 20", "{321D7FF0-9C0F-4B1A-9569-4A6979027C8C}"
EndProject
Project("{2150E333-8FDC-42A3-9474-1A3956D46DE8}") = "Day 21", "Day 21", "{1CA91ADC-D133-467C-89B3-2582E76DD72A}"
EndProject
Project("{2150E333-8FDC-42A3-9474-1A3956D46DE8}") = "Day 22", "Day 22", "{2AF27F8E-953D-4AFC-B83D-516DD00E5F69}"
EndProject
Project("{2150E333-8FDC-42A3-9474-1A3956D46DE8}") = "Day 23", "Day 23", "{55E744D5-E808-495D-8C4E-E32F4B6A7979}"
EndProject
Project("{2150E333-8FDC-42A3-9474-1A3956D46DE8}") = "Day 24", "Day 24", "{F741FFA3-4BEF-4BC1-AFEC-5DD4F9976DB8}"
EndProject
Project("{2150E333-8FDC-42A3-9474-1A3956D46DE8}") = "Day 25", "Day 25", "{B8813EDE-DAC2-4BF6-B4F6-2D1B932F3058}"
EndProject
Project("{9A19103F-16F7-4668-BE54-9A1E7A4F7556}") = "Day01Part1", "2023\Day01Part1\Day01Part1.csproj", "{C0E0B4AF-EA72-462B-975F-9D918DB2EC17}"
EndProject
Project("{9A19103F-16F7-4668-BE54-9A1E7A4F7556}") = "Day01Part2", "2023\Day01Part2\Day01Part2.csproj", "{A3FAA6EB-E6A4-4A30-B50E-C26C6EE3F800}"
EndProject
Project("{9A19103F-16F7-4668-BE54-9A1E7A4F7556}") = "Day02Part1", "2023\Day02Part1\Day02Part1.csproj", "{A6C80CE0-208E-4FDA-AC83-8DA851A81351}"
EndProject
Project("{9A19103F-16F7-4668-BE54-9A1E7A4F7556}") = "Day02Part2", "2023\Day02Part2\Day02Part2.csproj", "{69240277-2921-4390-8439-4A21C6725036}"
EndProject
Project("{9A19103F-16F7-4668-BE54-9A1E7A4F7556}") = "Day03Part1", "2023\Day03Part1\Day03Part1.csproj", "{DCC395A2-5AA4-4C1F-8EC0-02870EFA28A3}"
EndProject
Project("{9A19103F-16F7-4668-BE54-9A1E7A4F7556}") = "Day03Part2", "2023\Day03Part2\Day03Part2.csproj", "{0ACB050D-AC58-4E6C-A80F-88D316DD02BA}"
EndProject
Project("{9A19103F-16F7-4668-BE54-9A1E7A4F7556}") = "Day04Part1", "2023\Day04Part1\Day04Part1.csproj", "{B3673918-C78B-4F32-8C59-1BE963D2121A}"
EndProject
Project("{9A19103F-16F7-4668-BE54-9A1E7A4F7556}") = "Day04Part2", "2023\Day04Part2\Day04Part2.csproj", "{8A4DA49A-5E29-4471-B770-2DF1AA84491F}"
EndProject
Project("{9A19103F-16F7-4668-BE54-9A1E7A4F7556}") = "Day05Part1", "2023\Day05Part1\Day05Part1.csproj", "{9715DF96-D15C-4500-9DDD-D1C380F82A99}"
EndProject
Project("{9A19103F-16F7-4668-BE54-9A1E7A4F7556}") = "Day05Part2", "2023\Day05Part2\Day05Part2.csproj", "{7BB33037-DDCC-42A7-83D1-D215D3ADA821}"
EndProject
Project("{9A19103F-16F7-4668-BE54-9A1E7A4F7556}") = "Day06Part1", "2023\Day06Part1\Day06Part1.csproj", "{02E31812-8D66-42DE-AED8-3647486F8C52}"
EndProject
Project("{9A19103F-16F7-4668-BE54-9A1E7A4F7556}") = "Day06Part2", "2023\Day06Part2\Day06Part2.csproj", "{FD546489-2897-456E-B2EB-A3ACE30405A0}"
EndProject
Project("{9A19103F-16F7-4668-BE54-9A1E7A4F7556}") = "Day07Part1", "2023\Day07Part1\Day07Part1.csproj", "{B370E525-767D-4963-BCA0-4F0245317DF6}"
EndProject
Project("{9A19103F-16F7-4668-BE54-9A1E7A4F7556}") = "Day07Part2", "2023\Day07Part2\Day07Part2.csproj", "{E800ED3B-0754-4E83-A41E-4AD201F34B8B}"
EndProject
Project("{9A19103F-16F7-4668-BE54-9A1E7A4F7556}") = "Day08Part1", "2023\Day08Part1\Day08Part1.csproj", "{E2CA3DE5-AE02-41C7-A37A-1D8D8B009196}"
EndProject
Project("{9A19103F-16F7-4668-BE54-9A1E7A4F7556}") = "Day08Part2", "2023\Day08Part2\Day08Part2.csproj", "{34C352BE-EF9C-424F-A667-7C90925C3E49}"
EndProject
Project("{9A19103F-16F7-4668-BE54-9A1E7A4F7556}") = "Day09Part1", "2023\Day09Part1\Day09Part1.csproj", "{6F76F4CE-F537-4FAD-BB68-66E5F512A1AE}"
EndProject
Project("{9A19103F-16F7-4668-BE54-9A1E7A4F7556}") = "Day09Part2", "2023\Day09Part2\Day09Part2.csproj", "{EA87A797-E681-49A7-B651-2D12FD4F0E90}"
EndProject
Project("{9A19103F-16F7-4668-BE54-9A1E7A4F7556}") = "Day10Part1", "2023\Day10Part1\Day10Part1.csproj", "{E1B68F1B-8191-4A96-A077-6EF407744113}"
EndProject
Project("{9A19103F-16F7-4668-BE54-9A1E7A4F7556}") = "Day10Part2", "2023\Day10Part2\Day10Part2.csproj", "{5831E4E8-CA46-4689-8B92-FBE3E51980FF}"
EndProject
Project("{9A19103F-16F7-4668-BE54-9A1E7A4F7556}") = "Day11Part1", "2023\Day11Part1\Day11Part1.csproj", "{DC38BEC9-D46A-4FFE-AA84-4970685458F4}"
EndProject
Project("{9A19103F-16F7-4668-BE54-9A1E7A4F7556}") = "Day11Part2", "2023\Day11Part2\Day11Part2.csproj", "{C95BC660-3F45-4781-837C-700DEB6848F0}"
EndProject
Project("{9A19103F-16F7-4668-BE54-9A1E7A4F7556}") = "Day12Part1", "2023\Day12Part1\Day12Part1.csproj", "{B0B918B3-0029-4A1F-9B20-97077F4CF526}"
EndProject
Project("{9A19103F-16F7-4668-BE54-9A1E7A4F7556}") = "Day12Part2", "2023\Day12Part2\Day12Part2.csproj", "{024FAB63-D294-4A5F-9EC3-ABCF3CFE981F}"
EndProject
Project("{9A19103F-16F7-4668-BE54-9A1E7A4F7556}") = "Day13Part1", "2023\Day13Part1\Day13Part1.csproj", "{175F6853-B227-40DD-B8EA-94D99E268821}"
EndProject
Project("{9A19103F-16F7-4668-BE54-9A1E7A4F7556}") = "Day13Part2", "2023\Day13Part2\Day13Part2.csproj", "{40793B8A-7F96-4595-A7BC-4BA62D1333A5}"
EndProject
Project("{9A19103F-16F7-4668-BE54-9A1E7A4F7556}") = "Day14Part1", "2023\Day14Part1\Day14Part1.csproj", "{2F310CE4-B6CA-4F82-922B-88FF27182531}"
EndProject
Project("{9A19103F-16F7-4668-BE54-9A1E7A4F7556}") = "Day14Part2", "2023\Day14Part2\Day14Part2.csproj", "{FAA96BE4-E9F6-45C2-82B0-2251974F39FC}"
EndProject
Project("{9A19103F-16F7-4668-BE54-9A1E7A4F7556}") = "Day15Part1", "2023\Day15Part1\Day15Part1.csproj", "{85400FAA-D265-46C0-8A0C-A668739E17A4}"
EndProject
Project("{9A19103F-16F7-4668-BE54-9A1E7A4F7556}") = "Day15Part2", "2023\Day15Part2\Day15Part2.csproj", "{F899ED73-1A29-49E2-9EE1-156FA0CCEC7C}"
EndProject
Project("{9A19103F-16F7-4668-BE54-9A1E7A4F7556}") = "Day16Part1", "2023\Day16Part1\Day16Part1.csproj", "{E26EB3D5-EE74-461A-ADA4-1505F2435204}"
EndProject
Project("{9A19103F-16F7-4668-BE54-9A1E7A4F7556}") = "Day16Part2", "2023\Day16Part2\Day16Part2.csproj", "{4DF25075-1AA2-445A-9B0A-9D8BFE87640D}"
EndProject
Project("{9A19103F-16F7-4668-BE54-9A1E7A4F7556}") = "Day17Part1", "2023\Day17Part1\Day17Part1.csproj", "{265C860D-44ED-403E-BD03-19F1D5FF334A}"
EndProject
Project("{9A19103F-16F7-4668-BE54-9A1E7A4F7556}") = "Day17Part2", "2023\Day17Part2\Day17Part2.csproj", "{593A337F-150B-468B-80E7-9B73BFBAAFD6}"
EndProject
Project("{9A19103F-16F7-4668-BE54-9A1E7A4F7556}") = "Day18Part1", "2023\Day18Part1\Day18Part1.csproj", "{A1A98DC6-745F-472F-9FFE-BCC26446E3D4}"
EndProject
Project("{9A19103F-16F7-4668-BE54-9A1E7A4F7556}") = "Day18Part2", "2023\Day18Part2\Day18Part2.csproj", "{40859486-7BBD-4D0A-8CF2-553A40BB420B}"
EndProject
Project("{9A19103F-16F7-4668-BE54-9A1E7A4F7556}") = "Day19Part1", "2023\Day19Part1\Day19Part1.csproj", "{A3501EF0-BFFA-42A8-B319-CDF48C4B8C02}"
EndProject
Project("{9A19103F-16F7-4668-BE54-9A1E7A4F7556}") = "Day19Part2", "2023\Day19Part2\Day19Part2.csproj", "{356903B5-4941-403F-9C7F-3E1F692FFCDC}"
EndProject
Project("{9A19103F-16F7-4668-BE54-9A1E7A4F7556}") = "Day20Part1", "2023\Day20Part1\Day20Part1.csproj", "{9502994F-82FA-46E0-854F-CEB6CBF9A1AD}"
EndProject
Project("{9A19103F-16F7-4668-BE54-9A1E7A4F7556}") = "Day20Part2", "2023\Day20Part2\Day20Part2.csproj", "{F3DE6ECE-760D-4529-BB89-BFF0C949B1DD}"
EndProject
Project("{9A19103F-16F7-4668-BE54-9A1E7A4F7556}") = "Day21Part1", "2023\Day21Part1\Day21Part1.csproj", "{22DDCCE1-3006-4D72-A5B2-6763501E50FF}"
EndProject
Project("{9A19103F-16F7-4668-BE54-9A1E7A4F7556}") = "Day21Part2", "2023\Day21Part2\Day21Part2.csproj", "{4155A900-A724-487C-8490-29E08CC57419}"
EndProject
Project("{9A19103F-16F7-4668-BE54-9A1E7A4F7556}") = "Day22Part1", "2023\Day22Part1\Day22Part1.csproj", "{D8578D08-D119-497A-A96B-A060E0CA3896}"
EndProject
Project("{9A19103F-16F7-4668-BE54-9A1E7A4F7556}") = "Day22Part2", "2023\Day22Part2\Day22Part2.csproj", "{D8B59DE9-3425-4BB2-946D-3DF9A03B0103}"
EndProject
Project("{9A19103F-16F7-4668-BE54-9A1E7A4F7556}") = "Day23Part1", "2023\Day23Part1\Day23Part1.csproj", "{464231E2-075A-43C1-8576-48CCF14BA3CE}"
EndProject
Project("{9A19103F-16F7-4668-BE54-9A1E7A4F7556}") = "Day23Part2", "2023\Day23Part2\Day23Part2.csproj", "{B79F662D-54AC-4C0A-BD81-68CF832ACD6F}"
EndProject
Project("{9A19103F-16F7-4668-BE54-9A1E7A4F7556}") = "Day24Part1", "2023\Day24Part1\Day24Part1.csproj", "{AF049361-E7C3-4973-97D8-5900195D3912}"
EndProject
Project("{9A19103F-16F7-4668-BE54-9A1E7A4F7556}") = "Day24Part2", "2023\Day24Part2\Day24Part2.csproj", "{C34143EA-A434-4238-BAE1-8F675D730BD5}"
EndProject
Project("{9A19103F-16F7-4668-BE54-9A1E7A4F7556}") = "Day25Part1", "2023\Day25Part1\Day25Part1.csproj", "{66858451-0E63-467D-B714-FB7BB2F4970E}"
EndProject
Global
	GlobalSection(SolutionConfigurationPlatforms) = preSolution
		Debug|Any CPU = Debug|Any CPU
		Release|Any CPU = Release|Any CPU
	EndGlobalSection
	GlobalSection(ProjectConfigurationPlatforms) = postSolution
		{16251223-30E2-4EF5-9D12-A523D9DFD823}.Debug|Any CPU.ActiveCfg = Debug|Any CPU
		{16251223-30E2-4EF5-9D12-A523D9DFD823}.Debug|Any CPU.Build.0 = Debug|Any CPU
		{16251223-30E2-4EF5-9D12-A523D9DFD823}.Release|Any CPU.ActiveCfg = Release|Any CPU
		{16251223-30E2-4EF5-9D12-A523D9DFD823}.Release|Any CPU.Build.0 = Release|Any CPU
		{9D37A9DC-1747-4279-A7B4-05D5E2A9AE71}.Debug|Any CPU.ActiveCfg = Debug|Any CPU
		{9D37A9DC-1747-4279-A7B4-05D5E2A9AE71}.Debug|Any CPU.Build.0 = Debug|Any CPU
		{9D37A9DC-1747-4279-A7B4-05D5E2A9AE71}.Release|Any CPU.ActiveCfg = Release|Any CPU
		{9D37A9DC-1747-4279-A7B4-05D5E2A9AE71}.Release|Any CPU.Build.0 = Release|Any CPU
		{AF5BBC16-EA20-46F5-BA25-C0872426DB0F}.Debug|Any CPU.ActiveCfg = Debug|Any CPU
		{AF5BBC16-EA20-46F5-BA25-C0872426DB0F}.Debug|Any CPU.Build.0 = Debug|Any CPU
		{AF5BBC16-EA20-46F5-BA25-C0872426DB0F}.Release|Any CPU.ActiveCfg = Release|Any CPU
		{AF5BBC16-EA20-46F5-BA25-C0872426DB0F}.Release|Any CPU.Build.0 = Release|Any CPU
		{814DD9AF-550F-47F3-8FAD-EC305086C82C}.Debug|Any CPU.ActiveCfg = Debug|Any CPU
		{814DD9AF-550F-47F3-8FAD-EC305086C82C}.Debug|Any CPU.Build.0 = Debug|Any CPU
		{814DD9AF-550F-47F3-8FAD-EC305086C82C}.Release|Any CPU.ActiveCfg = Release|Any CPU
		{814DD9AF-550F-47F3-8FAD-EC305086C82C}.Release|Any CPU.Build.0 = Release|Any CPU
		{E0DC4C58-398C-4633-853C-D40C1BC8CF09}.Debug|Any CPU.ActiveCfg = Debug|Any CPU
		{E0DC4C58-398C-4633-853C-D40C1BC8CF09}.Debug|Any CPU.Build.0 = Debug|Any CPU
		{E0DC4C58-398C-4633-853C-D40C1BC8CF09}.Release|Any CPU.ActiveCfg = Release|Any CPU
		{E0DC4C58-398C-4633-853C-D40C1BC8CF09}.Release|Any CPU.Build.0 = Release|Any CPU
		{565FAC32-AEFD-4BF0-AB66-43FDB23BF7B6}.Debug|Any CPU.ActiveCfg = Debug|Any CPU
		{565FAC32-AEFD-4BF0-AB66-43FDB23BF7B6}.Debug|Any CPU.Build.0 = Debug|Any CPU
		{565FAC32-AEFD-4BF0-AB66-43FDB23BF7B6}.Release|Any CPU.ActiveCfg = Release|Any CPU
		{565FAC32-AEFD-4BF0-AB66-43FDB23BF7B6}.Release|Any CPU.Build.0 = Release|Any CPU
		{D3500654-BF8E-4944-AB53-FC4A814682B0}.Debug|Any CPU.ActiveCfg = Debug|Any CPU
		{D3500654-BF8E-4944-AB53-FC4A814682B0}.Debug|Any CPU.Build.0 = Debug|Any CPU
		{D3500654-BF8E-4944-AB53-FC4A814682B0}.Release|Any CPU.ActiveCfg = Release|Any CPU
		{D3500654-BF8E-4944-AB53-FC4A814682B0}.Release|Any CPU.Build.0 = Release|Any CPU
		{07D59BFE-F744-41EF-B27F-FD591AB10809}.Debug|Any CPU.ActiveCfg = Debug|Any CPU
		{07D59BFE-F744-41EF-B27F-FD591AB10809}.Debug|Any CPU.Build.0 = Debug|Any CPU
		{07D59BFE-F744-41EF-B27F-FD591AB10809}.Release|Any CPU.ActiveCfg = Release|Any CPU
		{07D59BFE-F744-41EF-B27F-FD591AB10809}.Release|Any CPU.Build.0 = Release|Any CPU
		{97504CD2-4E9C-4EBC-801D-F8C31218487C}.Debug|Any CPU.ActiveCfg = Debug|Any CPU
		{97504CD2-4E9C-4EBC-801D-F8C31218487C}.Debug|Any CPU.Build.0 = Debug|Any CPU
		{97504CD2-4E9C-4EBC-801D-F8C31218487C}.Release|Any CPU.ActiveCfg = Release|Any CPU
		{97504CD2-4E9C-4EBC-801D-F8C31218487C}.Release|Any CPU.Build.0 = Release|Any CPU
		{9F7C8F6B-87D6-4A2C-861A-ACC8CFE4C4FA}.Debug|Any CPU.ActiveCfg = Debug|Any CPU
		{9F7C8F6B-87D6-4A2C-861A-ACC8CFE4C4FA}.Debug|Any CPU.Build.0 = Debug|Any CPU
		{9F7C8F6B-87D6-4A2C-861A-ACC8CFE4C4FA}.Release|Any CPU.ActiveCfg = Release|Any CPU
		{9F7C8F6B-87D6-4A2C-861A-ACC8CFE4C4FA}.Release|Any CPU.Build.0 = Release|Any CPU
		{82266809-A15A-4338-A461-C3276DC50C83}.Debug|Any CPU.ActiveCfg = Debug|Any CPU
		{82266809-A15A-4338-A461-C3276DC50C83}.Debug|Any CPU.Build.0 = Debug|Any CPU
		{82266809-A15A-4338-A461-C3276DC50C83}.Release|Any CPU.ActiveCfg = Release|Any CPU
		{82266809-A15A-4338-A461-C3276DC50C83}.Release|Any CPU.Build.0 = Release|Any CPU
		{CB2F5940-6C1F-4F62-8FF7-8DC2C7E6A7A2}.Debug|Any CPU.ActiveCfg = Debug|Any CPU
		{CB2F5940-6C1F-4F62-8FF7-8DC2C7E6A7A2}.Debug|Any CPU.Build.0 = Debug|Any CPU
		{CB2F5940-6C1F-4F62-8FF7-8DC2C7E6A7A2}.Release|Any CPU.ActiveCfg = Release|Any CPU
		{CB2F5940-6C1F-4F62-8FF7-8DC2C7E6A7A2}.Release|Any CPU.Build.0 = Release|Any CPU
		{93DD3C94-C7DD-48F6-86F3-80F96607A5A4}.Debug|Any CPU.ActiveCfg = Debug|Any CPU
		{93DD3C94-C7DD-48F6-86F3-80F96607A5A4}.Debug|Any CPU.Build.0 = Debug|Any CPU
		{93DD3C94-C7DD-48F6-86F3-80F96607A5A4}.Release|Any CPU.ActiveCfg = Release|Any CPU
		{93DD3C94-C7DD-48F6-86F3-80F96607A5A4}.Release|Any CPU.Build.0 = Release|Any CPU
		{A5424F75-7D25-401F-B879-A195CDC44E56}.Debug|Any CPU.ActiveCfg = Debug|Any CPU
		{A5424F75-7D25-401F-B879-A195CDC44E56}.Debug|Any CPU.Build.0 = Debug|Any CPU
		{A5424F75-7D25-401F-B879-A195CDC44E56}.Release|Any CPU.ActiveCfg = Release|Any CPU
		{A5424F75-7D25-401F-B879-A195CDC44E56}.Release|Any CPU.Build.0 = Release|Any CPU
		{9E8DBCEE-AE4F-4A89-A977-6886FCB482D0}.Debug|Any CPU.ActiveCfg = Debug|Any CPU
		{9E8DBCEE-AE4F-4A89-A977-6886FCB482D0}.Debug|Any CPU.Build.0 = Debug|Any CPU
		{9E8DBCEE-AE4F-4A89-A977-6886FCB482D0}.Release|Any CPU.ActiveCfg = Release|Any CPU
		{9E8DBCEE-AE4F-4A89-A977-6886FCB482D0}.Release|Any CPU.Build.0 = Release|Any CPU
		{D7F07CAB-D1CB-4185-8B35-64CBAAC4C12D}.Debug|Any CPU.ActiveCfg = Debug|Any CPU
		{D7F07CAB-D1CB-4185-8B35-64CBAAC4C12D}.Debug|Any CPU.Build.0 = Debug|Any CPU
		{D7F07CAB-D1CB-4185-8B35-64CBAAC4C12D}.Release|Any CPU.ActiveCfg = Release|Any CPU
		{D7F07CAB-D1CB-4185-8B35-64CBAAC4C12D}.Release|Any CPU.Build.0 = Release|Any CPU
		{89C97C2D-7554-4BB8-9E61-821A2BEA8BFD}.Debug|Any CPU.ActiveCfg = Debug|Any CPU
		{89C97C2D-7554-4BB8-9E61-821A2BEA8BFD}.Debug|Any CPU.Build.0 = Debug|Any CPU
		{89C97C2D-7554-4BB8-9E61-821A2BEA8BFD}.Release|Any CPU.ActiveCfg = Release|Any CPU
		{89C97C2D-7554-4BB8-9E61-821A2BEA8BFD}.Release|Any CPU.Build.0 = Release|Any CPU
		{AB612C32-0E49-4106-9DA8-3EBC98724E1F}.Debug|Any CPU.ActiveCfg = Debug|Any CPU
		{AB612C32-0E49-4106-9DA8-3EBC98724E1F}.Debug|Any CPU.Build.0 = Debug|Any CPU
		{AB612C32-0E49-4106-9DA8-3EBC98724E1F}.Release|Any CPU.ActiveCfg = Release|Any CPU
		{AB612C32-0E49-4106-9DA8-3EBC98724E1F}.Release|Any CPU.Build.0 = Release|Any CPU
		{A1E6F6D6-0EA3-4DB0-8289-8EC84D165BA0}.Debug|Any CPU.ActiveCfg = Debug|Any CPU
		{A1E6F6D6-0EA3-4DB0-8289-8EC84D165BA0}.Debug|Any CPU.Build.0 = Debug|Any CPU
		{A1E6F6D6-0EA3-4DB0-8289-8EC84D165BA0}.Release|Any CPU.ActiveCfg = Release|Any CPU
		{A1E6F6D6-0EA3-4DB0-8289-8EC84D165BA0}.Release|Any CPU.Build.0 = Release|Any CPU
		{4389E571-8CC9-4CD2-8CDB-2D362FEA0565}.Debug|Any CPU.ActiveCfg = Debug|Any CPU
		{4389E571-8CC9-4CD2-8CDB-2D362FEA0565}.Debug|Any CPU.Build.0 = Debug|Any CPU
		{4389E571-8CC9-4CD2-8CDB-2D362FEA0565}.Release|Any CPU.ActiveCfg = Release|Any CPU
		{4389E571-8CC9-4CD2-8CDB-2D362FEA0565}.Release|Any CPU.Build.0 = Release|Any CPU
		{A7656962-4949-4459-B94D-B52D8E75AB2D}.Debug|Any CPU.ActiveCfg = Debug|Any CPU
		{A7656962-4949-4459-B94D-B52D8E75AB2D}.Debug|Any CPU.Build.0 = Debug|Any CPU
		{A7656962-4949-4459-B94D-B52D8E75AB2D}.Release|Any CPU.ActiveCfg = Release|Any CPU
		{A7656962-4949-4459-B94D-B52D8E75AB2D}.Release|Any CPU.Build.0 = Release|Any CPU
		{753E3F57-7EA5-4B68-8AF1-0627FB04C9A1}.Debug|Any CPU.ActiveCfg = Debug|Any CPU
		{753E3F57-7EA5-4B68-8AF1-0627FB04C9A1}.Debug|Any CPU.Build.0 = Debug|Any CPU
		{753E3F57-7EA5-4B68-8AF1-0627FB04C9A1}.Release|Any CPU.ActiveCfg = Release|Any CPU
		{753E3F57-7EA5-4B68-8AF1-0627FB04C9A1}.Release|Any CPU.Build.0 = Release|Any CPU
		{453910E3-EE0E-46D2-9507-FCE4980167BE}.Debug|Any CPU.ActiveCfg = Debug|Any CPU
		{453910E3-EE0E-46D2-9507-FCE4980167BE}.Debug|Any CPU.Build.0 = Debug|Any CPU
		{453910E3-EE0E-46D2-9507-FCE4980167BE}.Release|Any CPU.ActiveCfg = Release|Any CPU
		{453910E3-EE0E-46D2-9507-FCE4980167BE}.Release|Any CPU.Build.0 = Release|Any CPU
		{7DBB0EE4-E2C9-4749-84E6-C08E1B58C5D9}.Debug|Any CPU.ActiveCfg = Debug|Any CPU
		{7DBB0EE4-E2C9-4749-84E6-C08E1B58C5D9}.Debug|Any CPU.Build.0 = Debug|Any CPU
		{7DBB0EE4-E2C9-4749-84E6-C08E1B58C5D9}.Release|Any CPU.ActiveCfg = Release|Any CPU
		{7DBB0EE4-E2C9-4749-84E6-C08E1B58C5D9}.Release|Any CPU.Build.0 = Release|Any CPU
		{FBDD595E-66A6-4AB3-9340-7F417F9CF232}.Debug|Any CPU.ActiveCfg = Debug|Any CPU
		{FBDD595E-66A6-4AB3-9340-7F417F9CF232}.Debug|Any CPU.Build.0 = Debug|Any CPU
		{FBDD595E-66A6-4AB3-9340-7F417F9CF232}.Release|Any CPU.ActiveCfg = Release|Any CPU
		{FBDD595E-66A6-4AB3-9340-7F417F9CF232}.Release|Any CPU.Build.0 = Release|Any CPU
		{E5769210-865C-4188-BAC9-9624FC99E89F}.Debug|Any CPU.ActiveCfg = Debug|Any CPU
		{E5769210-865C-4188-BAC9-9624FC99E89F}.Debug|Any CPU.Build.0 = Debug|Any CPU
		{E5769210-865C-4188-BAC9-9624FC99E89F}.Release|Any CPU.ActiveCfg = Release|Any CPU
		{E5769210-865C-4188-BAC9-9624FC99E89F}.Release|Any CPU.Build.0 = Release|Any CPU
		{901BBD48-FC0A-437C-8F42-159FE35F81F9}.Debug|Any CPU.ActiveCfg = Debug|Any CPU
		{901BBD48-FC0A-437C-8F42-159FE35F81F9}.Debug|Any CPU.Build.0 = Debug|Any CPU
		{901BBD48-FC0A-437C-8F42-159FE35F81F9}.Release|Any CPU.ActiveCfg = Release|Any CPU
		{901BBD48-FC0A-437C-8F42-159FE35F81F9}.Release|Any CPU.Build.0 = Release|Any CPU
		{52927146-9CCC-43FD-BCD6-26A38A0CFCBD}.Debug|Any CPU.ActiveCfg = Debug|Any CPU
		{52927146-9CCC-43FD-BCD6-26A38A0CFCBD}.Debug|Any CPU.Build.0 = Debug|Any CPU
		{52927146-9CCC-43FD-BCD6-26A38A0CFCBD}.Release|Any CPU.ActiveCfg = Release|Any CPU
		{52927146-9CCC-43FD-BCD6-26A38A0CFCBD}.Release|Any CPU.Build.0 = Release|Any CPU
		{2914C9C5-C8AF-44C0-A0E2-E6A3C48DF141}.Debug|Any CPU.ActiveCfg = Debug|Any CPU
		{2914C9C5-C8AF-44C0-A0E2-E6A3C48DF141}.Debug|Any CPU.Build.0 = Debug|Any CPU
		{2914C9C5-C8AF-44C0-A0E2-E6A3C48DF141}.Release|Any CPU.ActiveCfg = Release|Any CPU
		{2914C9C5-C8AF-44C0-A0E2-E6A3C48DF141}.Release|Any CPU.Build.0 = Release|Any CPU
		{FC79F178-B36E-46AE-A12C-587D26828E19}.Debug|Any CPU.ActiveCfg = Debug|Any CPU
		{FC79F178-B36E-46AE-A12C-587D26828E19}.Debug|Any CPU.Build.0 = Debug|Any CPU
		{FC79F178-B36E-46AE-A12C-587D26828E19}.Release|Any CPU.ActiveCfg = Release|Any CPU
		{FC79F178-B36E-46AE-A12C-587D26828E19}.Release|Any CPU.Build.0 = Release|Any CPU
		{1FD39529-DC57-4828-856A-17FE23C29C96}.Debug|Any CPU.ActiveCfg = Debug|Any CPU
		{1FD39529-DC57-4828-856A-17FE23C29C96}.Debug|Any CPU.Build.0 = Debug|Any CPU
		{1FD39529-DC57-4828-856A-17FE23C29C96}.Release|Any CPU.ActiveCfg = Release|Any CPU
		{1FD39529-DC57-4828-856A-17FE23C29C96}.Release|Any CPU.Build.0 = Release|Any CPU
		{4AC1E67B-0D9D-499F-AAE7-34B7CC6CCD73}.Debug|Any CPU.ActiveCfg = Debug|Any CPU
		{4AC1E67B-0D9D-499F-AAE7-34B7CC6CCD73}.Debug|Any CPU.Build.0 = Debug|Any CPU
		{4AC1E67B-0D9D-499F-AAE7-34B7CC6CCD73}.Release|Any CPU.ActiveCfg = Release|Any CPU
		{4AC1E67B-0D9D-499F-AAE7-34B7CC6CCD73}.Release|Any CPU.Build.0 = Release|Any CPU
		{427D55F5-3C43-4EAB-AE45-6317697880F7}.Debug|Any CPU.ActiveCfg = Debug|Any CPU
		{427D55F5-3C43-4EAB-AE45-6317697880F7}.Debug|Any CPU.Build.0 = Debug|Any CPU
		{427D55F5-3C43-4EAB-AE45-6317697880F7}.Release|Any CPU.ActiveCfg = Release|Any CPU
		{427D55F5-3C43-4EAB-AE45-6317697880F7}.Release|Any CPU.Build.0 = Release|Any CPU
		{DE7683A5-0888-4D96-B0C6-28EDF661BF99}.Debug|Any CPU.ActiveCfg = Debug|Any CPU
		{DE7683A5-0888-4D96-B0C6-28EDF661BF99}.Debug|Any CPU.Build.0 = Debug|Any CPU
		{DE7683A5-0888-4D96-B0C6-28EDF661BF99}.Release|Any CPU.ActiveCfg = Release|Any CPU
		{DE7683A5-0888-4D96-B0C6-28EDF661BF99}.Release|Any CPU.Build.0 = Release|Any CPU
		{B7CF2BA6-1D53-4CBA-B328-0C57ED0320E2}.Debug|Any CPU.ActiveCfg = Debug|Any CPU
		{B7CF2BA6-1D53-4CBA-B328-0C57ED0320E2}.Debug|Any CPU.Build.0 = Debug|Any CPU
		{B7CF2BA6-1D53-4CBA-B328-0C57ED0320E2}.Release|Any CPU.ActiveCfg = Release|Any CPU
		{B7CF2BA6-1D53-4CBA-B328-0C57ED0320E2}.Release|Any CPU.Build.0 = Release|Any CPU
		{994B12B7-79EA-48CD-8031-31E282D4022B}.Debug|Any CPU.ActiveCfg = Debug|Any CPU
		{994B12B7-79EA-48CD-8031-31E282D4022B}.Debug|Any CPU.Build.0 = Debug|Any CPU
		{994B12B7-79EA-48CD-8031-31E282D4022B}.Release|Any CPU.ActiveCfg = Release|Any CPU
		{994B12B7-79EA-48CD-8031-31E282D4022B}.Release|Any CPU.Build.0 = Release|Any CPU
		{90BFE57F-8133-4709-BCEA-B53708FA689B}.Debug|Any CPU.ActiveCfg = Debug|Any CPU
		{90BFE57F-8133-4709-BCEA-B53708FA689B}.Debug|Any CPU.Build.0 = Debug|Any CPU
		{90BFE57F-8133-4709-BCEA-B53708FA689B}.Release|Any CPU.ActiveCfg = Release|Any CPU
		{90BFE57F-8133-4709-BCEA-B53708FA689B}.Release|Any CPU.Build.0 = Release|Any CPU
		{4FCA8FD1-4016-4002-9BB3-C4AFE1980574}.Debug|Any CPU.ActiveCfg = Debug|Any CPU
		{4FCA8FD1-4016-4002-9BB3-C4AFE1980574}.Debug|Any CPU.Build.0 = Debug|Any CPU
		{4FCA8FD1-4016-4002-9BB3-C4AFE1980574}.Release|Any CPU.ActiveCfg = Release|Any CPU
		{4FCA8FD1-4016-4002-9BB3-C4AFE1980574}.Release|Any CPU.Build.0 = Release|Any CPU
		{981EEC1F-8C57-43D8-A9F0-8A47562D9C34}.Debug|Any CPU.ActiveCfg = Debug|Any CPU
		{981EEC1F-8C57-43D8-A9F0-8A47562D9C34}.Debug|Any CPU.Build.0 = Debug|Any CPU
		{981EEC1F-8C57-43D8-A9F0-8A47562D9C34}.Release|Any CPU.ActiveCfg = Release|Any CPU
		{981EEC1F-8C57-43D8-A9F0-8A47562D9C34}.Release|Any CPU.Build.0 = Release|Any CPU
		{13B85D2E-FAAE-4437-8AA2-B63B4A01B85B}.Debug|Any CPU.ActiveCfg = Debug|Any CPU
		{13B85D2E-FAAE-4437-8AA2-B63B4A01B85B}.Debug|Any CPU.Build.0 = Debug|Any CPU
		{13B85D2E-FAAE-4437-8AA2-B63B4A01B85B}.Release|Any CPU.ActiveCfg = Release|Any CPU
		{13B85D2E-FAAE-4437-8AA2-B63B4A01B85B}.Release|Any CPU.Build.0 = Release|Any CPU
		{3F222B56-38D9-4515-A0CD-521EAA86A4E7}.Debug|Any CPU.ActiveCfg = Debug|Any CPU
		{3F222B56-38D9-4515-A0CD-521EAA86A4E7}.Debug|Any CPU.Build.0 = Debug|Any CPU
		{3F222B56-38D9-4515-A0CD-521EAA86A4E7}.Release|Any CPU.ActiveCfg = Release|Any CPU
		{3F222B56-38D9-4515-A0CD-521EAA86A4E7}.Release|Any CPU.Build.0 = Release|Any CPU
		{7BB34663-CC27-46AC-BA90-24093FA287FA}.Debug|Any CPU.ActiveCfg = Debug|Any CPU
		{7BB34663-CC27-46AC-BA90-24093FA287FA}.Debug|Any CPU.Build.0 = Debug|Any CPU
		{7BB34663-CC27-46AC-BA90-24093FA287FA}.Release|Any CPU.ActiveCfg = Release|Any CPU
		{7BB34663-CC27-46AC-BA90-24093FA287FA}.Release|Any CPU.Build.0 = Release|Any CPU
		{3C50874F-3148-4CCF-A80C-2561C51B03B0}.Debug|Any CPU.ActiveCfg = Debug|Any CPU
		{3C50874F-3148-4CCF-A80C-2561C51B03B0}.Debug|Any CPU.Build.0 = Debug|Any CPU
		{3C50874F-3148-4CCF-A80C-2561C51B03B0}.Release|Any CPU.ActiveCfg = Release|Any CPU
		{3C50874F-3148-4CCF-A80C-2561C51B03B0}.Release|Any CPU.Build.0 = Release|Any CPU
		{61277FBB-546E-4A5B-8306-89085568FAC9}.Debug|Any CPU.ActiveCfg = Debug|Any CPU
		{61277FBB-546E-4A5B-8306-89085568FAC9}.Debug|Any CPU.Build.0 = Debug|Any CPU
		{61277FBB-546E-4A5B-8306-89085568FAC9}.Release|Any CPU.ActiveCfg = Release|Any CPU
		{61277FBB-546E-4A5B-8306-89085568FAC9}.Release|Any CPU.Build.0 = Release|Any CPU
		{1715FD88-F3F9-4A9E-9E16-665784A53C22}.Debug|Any CPU.ActiveCfg = Debug|Any CPU
		{1715FD88-F3F9-4A9E-9E16-665784A53C22}.Debug|Any CPU.Build.0 = Debug|Any CPU
		{1715FD88-F3F9-4A9E-9E16-665784A53C22}.Release|Any CPU.ActiveCfg = Release|Any CPU
		{1715FD88-F3F9-4A9E-9E16-665784A53C22}.Release|Any CPU.Build.0 = Release|Any CPU
		{5B6ABF46-D804-4EEC-AFAE-6C94DFB58538}.Debug|Any CPU.ActiveCfg = Debug|Any CPU
		{5B6ABF46-D804-4EEC-AFAE-6C94DFB58538}.Debug|Any CPU.Build.0 = Debug|Any CPU
		{5B6ABF46-D804-4EEC-AFAE-6C94DFB58538}.Release|Any CPU.ActiveCfg = Release|Any CPU
		{5B6ABF46-D804-4EEC-AFAE-6C94DFB58538}.Release|Any CPU.Build.0 = Release|Any CPU
		{9EF55D6C-E479-4574-9FCC-D5F752409269}.Debug|Any CPU.ActiveCfg = Debug|Any CPU
		{9EF55D6C-E479-4574-9FCC-D5F752409269}.Debug|Any CPU.Build.0 = Debug|Any CPU
		{9EF55D6C-E479-4574-9FCC-D5F752409269}.Release|Any CPU.ActiveCfg = Release|Any CPU
		{9EF55D6C-E479-4574-9FCC-D5F752409269}.Release|Any CPU.Build.0 = Release|Any CPU
		{03C4CB1B-A166-4529-9531-7D80F02F61CE}.Debug|Any CPU.ActiveCfg = Debug|Any CPU
		{03C4CB1B-A166-4529-9531-7D80F02F61CE}.Debug|Any CPU.Build.0 = Debug|Any CPU
		{03C4CB1B-A166-4529-9531-7D80F02F61CE}.Release|Any CPU.ActiveCfg = Release|Any CPU
		{03C4CB1B-A166-4529-9531-7D80F02F61CE}.Release|Any CPU.Build.0 = Release|Any CPU
		{5ECDD05B-0598-41F2-9171-7484E52A0C75}.Debug|Any CPU.ActiveCfg = Debug|Any CPU
		{5ECDD05B-0598-41F2-9171-7484E52A0C75}.Debug|Any CPU.Build.0 = Debug|Any CPU
		{5ECDD05B-0598-41F2-9171-7484E52A0C75}.Release|Any CPU.ActiveCfg = Release|Any CPU
		{5ECDD05B-0598-41F2-9171-7484E52A0C75}.Release|Any CPU.Build.0 = Release|Any CPU
		{6934695D-3B89-4430-8F8D-0D77F9264E30}.Debug|Any CPU.ActiveCfg = Debug|Any CPU
		{6934695D-3B89-4430-8F8D-0D77F9264E30}.Debug|Any CPU.Build.0 = Debug|Any CPU
		{6934695D-3B89-4430-8F8D-0D77F9264E30}.Release|Any CPU.ActiveCfg = Release|Any CPU
		{6934695D-3B89-4430-8F8D-0D77F9264E30}.Release|Any CPU.Build.0 = Release|Any CPU
		{F138A72F-2B1A-478F-A347-6015493655DF}.Debug|Any CPU.ActiveCfg = Debug|Any CPU
		{F138A72F-2B1A-478F-A347-6015493655DF}.Debug|Any CPU.Build.0 = Debug|Any CPU
		{F138A72F-2B1A-478F-A347-6015493655DF}.Release|Any CPU.ActiveCfg = Release|Any CPU
		{F138A72F-2B1A-478F-A347-6015493655DF}.Release|Any CPU.Build.0 = Release|Any CPU
		{3AB8EFB2-9B26-40C7-9268-4A50BF286881}.Debug|Any CPU.ActiveCfg = Debug|Any CPU
		{3AB8EFB2-9B26-40C7-9268-4A50BF286881}.Debug|Any CPU.Build.0 = Debug|Any CPU
		{3AB8EFB2-9B26-40C7-9268-4A50BF286881}.Release|Any CPU.ActiveCfg = Release|Any CPU
		{3AB8EFB2-9B26-40C7-9268-4A50BF286881}.Release|Any CPU.Build.0 = Release|Any CPU
		{DB13396E-F1A0-44CE-988A-9AA393E2FA47}.Debug|Any CPU.ActiveCfg = Debug|Any CPU
		{DB13396E-F1A0-44CE-988A-9AA393E2FA47}.Debug|Any CPU.Build.0 = Debug|Any CPU
		{DB13396E-F1A0-44CE-988A-9AA393E2FA47}.Release|Any CPU.ActiveCfg = Release|Any CPU
		{DB13396E-F1A0-44CE-988A-9AA393E2FA47}.Release|Any CPU.Build.0 = Release|Any CPU
		{C0E0B4AF-EA72-462B-975F-9D918DB2EC17}.Debug|Any CPU.ActiveCfg = Debug|Any CPU
		{C0E0B4AF-EA72-462B-975F-9D918DB2EC17}.Debug|Any CPU.Build.0 = Debug|Any CPU
		{C0E0B4AF-EA72-462B-975F-9D918DB2EC17}.Release|Any CPU.ActiveCfg = Release|Any CPU
		{C0E0B4AF-EA72-462B-975F-9D918DB2EC17}.Release|Any CPU.Build.0 = Release|Any CPU
		{A3FAA6EB-E6A4-4A30-B50E-C26C6EE3F800}.Debug|Any CPU.ActiveCfg = Debug|Any CPU
		{A3FAA6EB-E6A4-4A30-B50E-C26C6EE3F800}.Debug|Any CPU.Build.0 = Debug|Any CPU
		{A3FAA6EB-E6A4-4A30-B50E-C26C6EE3F800}.Release|Any CPU.ActiveCfg = Release|Any CPU
		{A3FAA6EB-E6A4-4A30-B50E-C26C6EE3F800}.Release|Any CPU.Build.0 = Release|Any CPU
		{A6C80CE0-208E-4FDA-AC83-8DA851A81351}.Debug|Any CPU.ActiveCfg = Debug|Any CPU
		{A6C80CE0-208E-4FDA-AC83-8DA851A81351}.Debug|Any CPU.Build.0 = Debug|Any CPU
		{A6C80CE0-208E-4FDA-AC83-8DA851A81351}.Release|Any CPU.ActiveCfg = Release|Any CPU
		{A6C80CE0-208E-4FDA-AC83-8DA851A81351}.Release|Any CPU.Build.0 = Release|Any CPU
		{69240277-2921-4390-8439-4A21C6725036}.Debug|Any CPU.ActiveCfg = Debug|Any CPU
		{69240277-2921-4390-8439-4A21C6725036}.Debug|Any CPU.Build.0 = Debug|Any CPU
		{69240277-2921-4390-8439-4A21C6725036}.Release|Any CPU.ActiveCfg = Release|Any CPU
		{69240277-2921-4390-8439-4A21C6725036}.Release|Any CPU.Build.0 = Release|Any CPU
		{DCC395A2-5AA4-4C1F-8EC0-02870EFA28A3}.Debug|Any CPU.ActiveCfg = Debug|Any CPU
		{DCC395A2-5AA4-4C1F-8EC0-02870EFA28A3}.Debug|Any CPU.Build.0 = Debug|Any CPU
		{DCC395A2-5AA4-4C1F-8EC0-02870EFA28A3}.Release|Any CPU.ActiveCfg = Release|Any CPU
		{DCC395A2-5AA4-4C1F-8EC0-02870EFA28A3}.Release|Any CPU.Build.0 = Release|Any CPU
		{0ACB050D-AC58-4E6C-A80F-88D316DD02BA}.Debug|Any CPU.ActiveCfg = Debug|Any CPU
		{0ACB050D-AC58-4E6C-A80F-88D316DD02BA}.Debug|Any CPU.Build.0 = Debug|Any CPU
		{0ACB050D-AC58-4E6C-A80F-88D316DD02BA}.Release|Any CPU.ActiveCfg = Release|Any CPU
		{0ACB050D-AC58-4E6C-A80F-88D316DD02BA}.Release|Any CPU.Build.0 = Release|Any CPU
		{B3673918-C78B-4F32-8C59-1BE963D2121A}.Debug|Any CPU.ActiveCfg = Debug|Any CPU
		{B3673918-C78B-4F32-8C59-1BE963D2121A}.Debug|Any CPU.Build.0 = Debug|Any CPU
		{B3673918-C78B-4F32-8C59-1BE963D2121A}.Release|Any CPU.ActiveCfg = Release|Any CPU
		{B3673918-C78B-4F32-8C59-1BE963D2121A}.Release|Any CPU.Build.0 = Release|Any CPU
		{8A4DA49A-5E29-4471-B770-2DF1AA84491F}.Debug|Any CPU.ActiveCfg = Debug|Any CPU
		{8A4DA49A-5E29-4471-B770-2DF1AA84491F}.Debug|Any CPU.Build.0 = Debug|Any CPU
		{8A4DA49A-5E29-4471-B770-2DF1AA84491F}.Release|Any CPU.ActiveCfg = Release|Any CPU
		{8A4DA49A-5E29-4471-B770-2DF1AA84491F}.Release|Any CPU.Build.0 = Release|Any CPU
		{9715DF96-D15C-4500-9DDD-D1C380F82A99}.Debug|Any CPU.ActiveCfg = Debug|Any CPU
		{9715DF96-D15C-4500-9DDD-D1C380F82A99}.Debug|Any CPU.Build.0 = Debug|Any CPU
		{9715DF96-D15C-4500-9DDD-D1C380F82A99}.Release|Any CPU.ActiveCfg = Release|Any CPU
		{9715DF96-D15C-4500-9DDD-D1C380F82A99}.Release|Any CPU.Build.0 = Release|Any CPU
		{7BB33037-DDCC-42A7-83D1-D215D3ADA821}.Debug|Any CPU.ActiveCfg = Debug|Any CPU
		{7BB33037-DDCC-42A7-83D1-D215D3ADA821}.Debug|Any CPU.Build.0 = Debug|Any CPU
		{7BB33037-DDCC-42A7-83D1-D215D3ADA821}.Release|Any CPU.ActiveCfg = Release|Any CPU
		{7BB33037-DDCC-42A7-83D1-D215D3ADA821}.Release|Any CPU.Build.0 = Release|Any CPU
		{02E31812-8D66-42DE-AED8-3647486F8C52}.Debug|Any CPU.ActiveCfg = Debug|Any CPU
		{02E31812-8D66-42DE-AED8-3647486F8C52}.Debug|Any CPU.Build.0 = Debug|Any CPU
		{02E31812-8D66-42DE-AED8-3647486F8C52}.Release|Any CPU.ActiveCfg = Release|Any CPU
		{02E31812-8D66-42DE-AED8-3647486F8C52}.Release|Any CPU.Build.0 = Release|Any CPU
		{FD546489-2897-456E-B2EB-A3ACE30405A0}.Debug|Any CPU.ActiveCfg = Debug|Any CPU
		{FD546489-2897-456E-B2EB-A3ACE30405A0}.Debug|Any CPU.Build.0 = Debug|Any CPU
		{FD546489-2897-456E-B2EB-A3ACE30405A0}.Release|Any CPU.ActiveCfg = Release|Any CPU
		{FD546489-2897-456E-B2EB-A3ACE30405A0}.Release|Any CPU.Build.0 = Release|Any CPU
		{B370E525-767D-4963-BCA0-4F0245317DF6}.Debug|Any CPU.ActiveCfg = Debug|Any CPU
		{B370E525-767D-4963-BCA0-4F0245317DF6}.Debug|Any CPU.Build.0 = Debug|Any CPU
		{B370E525-767D-4963-BCA0-4F0245317DF6}.Release|Any CPU.ActiveCfg = Release|Any CPU
		{B370E525-767D-4963-BCA0-4F0245317DF6}.Release|Any CPU.Build.0 = Release|Any CPU
		{E800ED3B-0754-4E83-A41E-4AD201F34B8B}.Debug|Any CPU.ActiveCfg = Debug|Any CPU
		{E800ED3B-0754-4E83-A41E-4AD201F34B8B}.Debug|Any CPU.Build.0 = Debug|Any CPU
		{E800ED3B-0754-4E83-A41E-4AD201F34B8B}.Release|Any CPU.ActiveCfg = Release|Any CPU
		{E800ED3B-0754-4E83-A41E-4AD201F34B8B}.Release|Any CPU.Build.0 = Release|Any CPU
		{E2CA3DE5-AE02-41C7-A37A-1D8D8B009196}.Debug|Any CPU.ActiveCfg = Debug|Any CPU
		{E2CA3DE5-AE02-41C7-A37A-1D8D8B009196}.Debug|Any CPU.Build.0 = Debug|Any CPU
		{E2CA3DE5-AE02-41C7-A37A-1D8D8B009196}.Release|Any CPU.ActiveCfg = Release|Any CPU
		{E2CA3DE5-AE02-41C7-A37A-1D8D8B009196}.Release|Any CPU.Build.0 = Release|Any CPU
		{34C352BE-EF9C-424F-A667-7C90925C3E49}.Debug|Any CPU.ActiveCfg = Debug|Any CPU
		{34C352BE-EF9C-424F-A667-7C90925C3E49}.Debug|Any CPU.Build.0 = Debug|Any CPU
		{34C352BE-EF9C-424F-A667-7C90925C3E49}.Release|Any CPU.ActiveCfg = Release|Any CPU
		{34C352BE-EF9C-424F-A667-7C90925C3E49}.Release|Any CPU.Build.0 = Release|Any CPU
		{6F76F4CE-F537-4FAD-BB68-66E5F512A1AE}.Debug|Any CPU.ActiveCfg = Debug|Any CPU
		{6F76F4CE-F537-4FAD-BB68-66E5F512A1AE}.Debug|Any CPU.Build.0 = Debug|Any CPU
		{6F76F4CE-F537-4FAD-BB68-66E5F512A1AE}.Release|Any CPU.ActiveCfg = Release|Any CPU
		{6F76F4CE-F537-4FAD-BB68-66E5F512A1AE}.Release|Any CPU.Build.0 = Release|Any CPU
		{EA87A797-E681-49A7-B651-2D12FD4F0E90}.Debug|Any CPU.ActiveCfg = Debug|Any CPU
		{EA87A797-E681-49A7-B651-2D12FD4F0E90}.Debug|Any CPU.Build.0 = Debug|Any CPU
		{EA87A797-E681-49A7-B651-2D12FD4F0E90}.Release|Any CPU.ActiveCfg = Release|Any CPU
		{EA87A797-E681-49A7-B651-2D12FD4F0E90}.Release|Any CPU.Build.0 = Release|Any CPU
		{E1B68F1B-8191-4A96-A077-6EF407744113}.Debug|Any CPU.ActiveCfg = Debug|Any CPU
		{E1B68F1B-8191-4A96-A077-6EF407744113}.Debug|Any CPU.Build.0 = Debug|Any CPU
		{E1B68F1B-8191-4A96-A077-6EF407744113}.Release|Any CPU.ActiveCfg = Release|Any CPU
		{E1B68F1B-8191-4A96-A077-6EF407744113}.Release|Any CPU.Build.0 = Release|Any CPU
		{5831E4E8-CA46-4689-8B92-FBE3E51980FF}.Debug|Any CPU.ActiveCfg = Debug|Any CPU
		{5831E4E8-CA46-4689-8B92-FBE3E51980FF}.Debug|Any CPU.Build.0 = Debug|Any CPU
		{5831E4E8-CA46-4689-8B92-FBE3E51980FF}.Release|Any CPU.ActiveCfg = Release|Any CPU
		{5831E4E8-CA46-4689-8B92-FBE3E51980FF}.Release|Any CPU.Build.0 = Release|Any CPU
		{DC38BEC9-D46A-4FFE-AA84-4970685458F4}.Debug|Any CPU.ActiveCfg = Debug|Any CPU
		{DC38BEC9-D46A-4FFE-AA84-4970685458F4}.Debug|Any CPU.Build.0 = Debug|Any CPU
		{DC38BEC9-D46A-4FFE-AA84-4970685458F4}.Release|Any CPU.ActiveCfg = Release|Any CPU
		{DC38BEC9-D46A-4FFE-AA84-4970685458F4}.Release|Any CPU.Build.0 = Release|Any CPU
		{C95BC660-3F45-4781-837C-700DEB6848F0}.Debug|Any CPU.ActiveCfg = Debug|Any CPU
		{C95BC660-3F45-4781-837C-700DEB6848F0}.Debug|Any CPU.Build.0 = Debug|Any CPU
		{C95BC660-3F45-4781-837C-700DEB6848F0}.Release|Any CPU.ActiveCfg = Release|Any CPU
		{C95BC660-3F45-4781-837C-700DEB6848F0}.Release|Any CPU.Build.0 = Release|Any CPU
		{B0B918B3-0029-4A1F-9B20-97077F4CF526}.Debug|Any CPU.ActiveCfg = Debug|Any CPU
		{B0B918B3-0029-4A1F-9B20-97077F4CF526}.Debug|Any CPU.Build.0 = Debug|Any CPU
		{B0B918B3-0029-4A1F-9B20-97077F4CF526}.Release|Any CPU.ActiveCfg = Release|Any CPU
		{B0B918B3-0029-4A1F-9B20-97077F4CF526}.Release|Any CPU.Build.0 = Release|Any CPU
		{024FAB63-D294-4A5F-9EC3-ABCF3CFE981F}.Debug|Any CPU.ActiveCfg = Debug|Any CPU
		{024FAB63-D294-4A5F-9EC3-ABCF3CFE981F}.Debug|Any CPU.Build.0 = Debug|Any CPU
		{024FAB63-D294-4A5F-9EC3-ABCF3CFE981F}.Release|Any CPU.ActiveCfg = Release|Any CPU
		{024FAB63-D294-4A5F-9EC3-ABCF3CFE981F}.Release|Any CPU.Build.0 = Release|Any CPU
		{175F6853-B227-40DD-B8EA-94D99E268821}.Debug|Any CPU.ActiveCfg = Debug|Any CPU
		{175F6853-B227-40DD-B8EA-94D99E268821}.Debug|Any CPU.Build.0 = Debug|Any CPU
		{175F6853-B227-40DD-B8EA-94D99E268821}.Release|Any CPU.ActiveCfg = Release|Any CPU
		{175F6853-B227-40DD-B8EA-94D99E268821}.Release|Any CPU.Build.0 = Release|Any CPU
		{40793B8A-7F96-4595-A7BC-4BA62D1333A5}.Debug|Any CPU.ActiveCfg = Debug|Any CPU
		{40793B8A-7F96-4595-A7BC-4BA62D1333A5}.Debug|Any CPU.Build.0 = Debug|Any CPU
		{40793B8A-7F96-4595-A7BC-4BA62D1333A5}.Release|Any CPU.ActiveCfg = Release|Any CPU
		{40793B8A-7F96-4595-A7BC-4BA62D1333A5}.Release|Any CPU.Build.0 = Release|Any CPU
		{2F310CE4-B6CA-4F82-922B-88FF27182531}.Debug|Any CPU.ActiveCfg = Debug|Any CPU
		{2F310CE4-B6CA-4F82-922B-88FF27182531}.Debug|Any CPU.Build.0 = Debug|Any CPU
		{2F310CE4-B6CA-4F82-922B-88FF27182531}.Release|Any CPU.ActiveCfg = Release|Any CPU
		{2F310CE4-B6CA-4F82-922B-88FF27182531}.Release|Any CPU.Build.0 = Release|Any CPU
		{FAA96BE4-E9F6-45C2-82B0-2251974F39FC}.Debug|Any CPU.ActiveCfg = Debug|Any CPU
		{FAA96BE4-E9F6-45C2-82B0-2251974F39FC}.Debug|Any CPU.Build.0 = Debug|Any CPU
		{FAA96BE4-E9F6-45C2-82B0-2251974F39FC}.Release|Any CPU.ActiveCfg = Release|Any CPU
		{FAA96BE4-E9F6-45C2-82B0-2251974F39FC}.Release|Any CPU.Build.0 = Release|Any CPU
		{85400FAA-D265-46C0-8A0C-A668739E17A4}.Debug|Any CPU.ActiveCfg = Debug|Any CPU
		{85400FAA-D265-46C0-8A0C-A668739E17A4}.Debug|Any CPU.Build.0 = Debug|Any CPU
		{85400FAA-D265-46C0-8A0C-A668739E17A4}.Release|Any CPU.ActiveCfg = Release|Any CPU
		{85400FAA-D265-46C0-8A0C-A668739E17A4}.Release|Any CPU.Build.0 = Release|Any CPU
		{F899ED73-1A29-49E2-9EE1-156FA0CCEC7C}.Debug|Any CPU.ActiveCfg = Debug|Any CPU
		{F899ED73-1A29-49E2-9EE1-156FA0CCEC7C}.Debug|Any CPU.Build.0 = Debug|Any CPU
		{F899ED73-1A29-49E2-9EE1-156FA0CCEC7C}.Release|Any CPU.ActiveCfg = Release|Any CPU
		{F899ED73-1A29-49E2-9EE1-156FA0CCEC7C}.Release|Any CPU.Build.0 = Release|Any CPU
		{E26EB3D5-EE74-461A-ADA4-1505F2435204}.Debug|Any CPU.ActiveCfg = Debug|Any CPU
		{E26EB3D5-EE74-461A-ADA4-1505F2435204}.Debug|Any CPU.Build.0 = Debug|Any CPU
		{E26EB3D5-EE74-461A-ADA4-1505F2435204}.Release|Any CPU.ActiveCfg = Release|Any CPU
		{E26EB3D5-EE74-461A-ADA4-1505F2435204}.Release|Any CPU.Build.0 = Release|Any CPU
		{4DF25075-1AA2-445A-9B0A-9D8BFE87640D}.Debug|Any CPU.ActiveCfg = Debug|Any CPU
		{4DF25075-1AA2-445A-9B0A-9D8BFE87640D}.Debug|Any CPU.Build.0 = Debug|Any CPU
		{4DF25075-1AA2-445A-9B0A-9D8BFE87640D}.Release|Any CPU.ActiveCfg = Release|Any CPU
		{4DF25075-1AA2-445A-9B0A-9D8BFE87640D}.Release|Any CPU.Build.0 = Release|Any CPU
		{265C860D-44ED-403E-BD03-19F1D5FF334A}.Debug|Any CPU.ActiveCfg = Debug|Any CPU
		{265C860D-44ED-403E-BD03-19F1D5FF334A}.Debug|Any CPU.Build.0 = Debug|Any CPU
		{265C860D-44ED-403E-BD03-19F1D5FF334A}.Release|Any CPU.ActiveCfg = Release|Any CPU
		{265C860D-44ED-403E-BD03-19F1D5FF334A}.Release|Any CPU.Build.0 = Release|Any CPU
		{593A337F-150B-468B-80E7-9B73BFBAAFD6}.Debug|Any CPU.ActiveCfg = Debug|Any CPU
		{593A337F-150B-468B-80E7-9B73BFBAAFD6}.Debug|Any CPU.Build.0 = Debug|Any CPU
		{593A337F-150B-468B-80E7-9B73BFBAAFD6}.Release|Any CPU.ActiveCfg = Release|Any CPU
		{593A337F-150B-468B-80E7-9B73BFBAAFD6}.Release|Any CPU.Build.0 = Release|Any CPU
		{A1A98DC6-745F-472F-9FFE-BCC26446E3D4}.Debug|Any CPU.ActiveCfg = Debug|Any CPU
		{A1A98DC6-745F-472F-9FFE-BCC26446E3D4}.Debug|Any CPU.Build.0 = Debug|Any CPU
		{A1A98DC6-745F-472F-9FFE-BCC26446E3D4}.Release|Any CPU.ActiveCfg = Release|Any CPU
		{A1A98DC6-745F-472F-9FFE-BCC26446E3D4}.Release|Any CPU.Build.0 = Release|Any CPU
		{40859486-7BBD-4D0A-8CF2-553A40BB420B}.Debug|Any CPU.ActiveCfg = Debug|Any CPU
		{40859486-7BBD-4D0A-8CF2-553A40BB420B}.Debug|Any CPU.Build.0 = Debug|Any CPU
		{40859486-7BBD-4D0A-8CF2-553A40BB420B}.Release|Any CPU.ActiveCfg = Release|Any CPU
		{40859486-7BBD-4D0A-8CF2-553A40BB420B}.Release|Any CPU.Build.0 = Release|Any CPU
		{A3501EF0-BFFA-42A8-B319-CDF48C4B8C02}.Debug|Any CPU.ActiveCfg = Debug|Any CPU
		{A3501EF0-BFFA-42A8-B319-CDF48C4B8C02}.Debug|Any CPU.Build.0 = Debug|Any CPU
		{A3501EF0-BFFA-42A8-B319-CDF48C4B8C02}.Release|Any CPU.ActiveCfg = Release|Any CPU
		{A3501EF0-BFFA-42A8-B319-CDF48C4B8C02}.Release|Any CPU.Build.0 = Release|Any CPU
		{356903B5-4941-403F-9C7F-3E1F692FFCDC}.Debug|Any CPU.ActiveCfg = Debug|Any CPU
		{356903B5-4941-403F-9C7F-3E1F692FFCDC}.Debug|Any CPU.Build.0 = Debug|Any CPU
		{356903B5-4941-403F-9C7F-3E1F692FFCDC}.Release|Any CPU.ActiveCfg = Release|Any CPU
		{356903B5-4941-403F-9C7F-3E1F692FFCDC}.Release|Any CPU.Build.0 = Release|Any CPU
		{9502994F-82FA-46E0-854F-CEB6CBF9A1AD}.Debug|Any CPU.ActiveCfg = Debug|Any CPU
		{9502994F-82FA-46E0-854F-CEB6CBF9A1AD}.Debug|Any CPU.Build.0 = Debug|Any CPU
		{9502994F-82FA-46E0-854F-CEB6CBF9A1AD}.Release|Any CPU.ActiveCfg = Release|Any CPU
		{9502994F-82FA-46E0-854F-CEB6CBF9A1AD}.Release|Any CPU.Build.0 = Release|Any CPU
		{F3DE6ECE-760D-4529-BB89-BFF0C949B1DD}.Debug|Any CPU.ActiveCfg = Debug|Any CPU
		{F3DE6ECE-760D-4529-BB89-BFF0C949B1DD}.Debug|Any CPU.Build.0 = Debug|Any CPU
		{F3DE6ECE-760D-4529-BB89-BFF0C949B1DD}.Release|Any CPU.ActiveCfg = Release|Any CPU
		{F3DE6ECE-760D-4529-BB89-BFF0C949B1DD}.Release|Any CPU.Build.0 = Release|Any CPU
		{22DDCCE1-3006-4D72-A5B2-6763501E50FF}.Debug|Any CPU.ActiveCfg = Debug|Any CPU
		{22DDCCE1-3006-4D72-A5B2-6763501E50FF}.Debug|Any CPU.Build.0 = Debug|Any CPU
		{22DDCCE1-3006-4D72-A5B2-6763501E50FF}.Release|Any CPU.ActiveCfg = Release|Any CPU
		{22DDCCE1-3006-4D72-A5B2-6763501E50FF}.Release|Any CPU.Build.0 = Release|Any CPU
		{4155A900-A724-487C-8490-29E08CC57419}.Debug|Any CPU.ActiveCfg = Debug|Any CPU
		{4155A900-A724-487C-8490-29E08CC57419}.Debug|Any CPU.Build.0 = Debug|Any CPU
		{4155A900-A724-487C-8490-29E08CC57419}.Release|Any CPU.ActiveCfg = Release|Any CPU
		{4155A900-A724-487C-8490-29E08CC57419}.Release|Any CPU.Build.0 = Release|Any CPU
		{D8578D08-D119-497A-A96B-A060E0CA3896}.Debug|Any CPU.ActiveCfg = Debug|Any CPU
		{D8578D08-D119-497A-A96B-A060E0CA3896}.Debug|Any CPU.Build.0 = Debug|Any CPU
		{D8578D08-D119-497A-A96B-A060E0CA3896}.Release|Any CPU.ActiveCfg = Release|Any CPU
		{D8578D08-D119-497A-A96B-A060E0CA3896}.Release|Any CPU.Build.0 = Release|Any CPU
		{D8B59DE9-3425-4BB2-946D-3DF9A03B0103}.Debug|Any CPU.ActiveCfg = Debug|Any CPU
		{D8B59DE9-3425-4BB2-946D-3DF9A03B0103}.Debug|Any CPU.Build.0 = Debug|Any CPU
		{D8B59DE9-3425-4BB2-946D-3DF9A03B0103}.Release|Any CPU.ActiveCfg = Release|Any CPU
		{D8B59DE9-3425-4BB2-946D-3DF9A03B0103}.Release|Any CPU.Build.0 = Release|Any CPU
		{464231E2-075A-43C1-8576-48CCF14BA3CE}.Debug|Any CPU.ActiveCfg = Debug|Any CPU
		{464231E2-075A-43C1-8576-48CCF14BA3CE}.Debug|Any CPU.Build.0 = Debug|Any CPU
		{464231E2-075A-43C1-8576-48CCF14BA3CE}.Release|Any CPU.ActiveCfg = Release|Any CPU
		{464231E2-075A-43C1-8576-48CCF14BA3CE}.Release|Any CPU.Build.0 = Release|Any CPU
		{B79F662D-54AC-4C0A-BD81-68CF832ACD6F}.Debug|Any CPU.ActiveCfg = Debug|Any CPU
		{B79F662D-54AC-4C0A-BD81-68CF832ACD6F}.Debug|Any CPU.Build.0 = Debug|Any CPU
		{B79F662D-54AC-4C0A-BD81-68CF832ACD6F}.Release|Any CPU.ActiveCfg = Release|Any CPU
		{B79F662D-54AC-4C0A-BD81-68CF832ACD6F}.Release|Any CPU.Build.0 = Release|Any CPU
		{AF049361-E7C3-4973-97D8-5900195D3912}.Debug|Any CPU.ActiveCfg = Debug|Any CPU
		{AF049361-E7C3-4973-97D8-5900195D3912}.Debug|Any CPU.Build.0 = Debug|Any CPU
		{AF049361-E7C3-4973-97D8-5900195D3912}.Release|Any CPU.ActiveCfg = Release|Any CPU
		{AF049361-E7C3-4973-97D8-5900195D3912}.Release|Any CPU.Build.0 = Release|Any CPU
		{C34143EA-A434-4238-BAE1-8F675D730BD5}.Debug|Any CPU.ActiveCfg = Debug|Any CPU
		{C34143EA-A434-4238-BAE1-8F675D730BD5}.Debug|Any CPU.Build.0 = Debug|Any CPU
		{C34143EA-A434-4238-BAE1-8F675D730BD5}.Release|Any CPU.ActiveCfg = Release|Any CPU
		{C34143EA-A434-4238-BAE1-8F675D730BD5}.Release|Any CPU.Build.0 = Release|Any CPU
		{66858451-0E63-467D-B714-FB7BB2F4970E}.Debug|Any CPU.ActiveCfg = Debug|Any CPU
		{66858451-0E63-467D-B714-FB7BB2F4970E}.Debug|Any CPU.Build.0 = Debug|Any CPU
		{66858451-0E63-467D-B714-FB7BB2F4970E}.Release|Any CPU.ActiveCfg = Release|Any CPU
		{66858451-0E63-467D-B714-FB7BB2F4970E}.Release|Any CPU.Build.0 = Release|Any CPU
	EndGlobalSection
	GlobalSection(SolutionProperties) = preSolution
		HideSolutionNode = FALSE
	EndGlobalSection
	GlobalSection(NestedProjects) = preSolution
		{16251223-30E2-4EF5-9D12-A523D9DFD823} = {D9A02077-29E0-4E4C-803A-F56382A194C3}
		{9D37A9DC-1747-4279-A7B4-05D5E2A9AE71} = {0AEBD51C-0CA8-4681-A29C-6E1EBDD3524D}
		{AF5BBC16-EA20-46F5-BA25-C0872426DB0F} = {D9A02077-29E0-4E4C-803A-F56382A194C3}
		{F6988193-4B57-4705-971D-13C45D1A020E} = {DA0F43CE-6AEA-45A4-9B7E-A21B2A5C4CA7}
		{814DD9AF-550F-47F3-8FAD-EC305086C82C} = {F6988193-4B57-4705-971D-13C45D1A020E}
		{E0DC4C58-398C-4633-853C-D40C1BC8CF09} = {F6988193-4B57-4705-971D-13C45D1A020E}
		{BAF292E1-AD48-4EF6-8102-C3BB43ECE626} = {DA0F43CE-6AEA-45A4-9B7E-A21B2A5C4CA7}
		{565FAC32-AEFD-4BF0-AB66-43FDB23BF7B6} = {BAF292E1-AD48-4EF6-8102-C3BB43ECE626}
		{D3500654-BF8E-4944-AB53-FC4A814682B0} = {BAF292E1-AD48-4EF6-8102-C3BB43ECE626}
		{3FEAB821-A742-4222-B552-79202017A900} = {DA0F43CE-6AEA-45A4-9B7E-A21B2A5C4CA7}
		{07D59BFE-F744-41EF-B27F-FD591AB10809} = {3FEAB821-A742-4222-B552-79202017A900}
		{97504CD2-4E9C-4EBC-801D-F8C31218487C} = {3FEAB821-A742-4222-B552-79202017A900}
		{839733E1-EB99-4846-AEF2-BD018CC1BB4F} = {DA0F43CE-6AEA-45A4-9B7E-A21B2A5C4CA7}
		{9F7C8F6B-87D6-4A2C-861A-ACC8CFE4C4FA} = {839733E1-EB99-4846-AEF2-BD018CC1BB4F}
		{82266809-A15A-4338-A461-C3276DC50C83} = {839733E1-EB99-4846-AEF2-BD018CC1BB4F}
		{2770E370-337F-4752-A012-8998A0C65F68} = {DA0F43CE-6AEA-45A4-9B7E-A21B2A5C4CA7}
		{CB2F5940-6C1F-4F62-8FF7-8DC2C7E6A7A2} = {2770E370-337F-4752-A012-8998A0C65F68}
		{93DD3C94-C7DD-48F6-86F3-80F96607A5A4} = {2770E370-337F-4752-A012-8998A0C65F68}
		{87A29E25-9BE4-4A1A-9BC4-683A674F5A65} = {DA0F43CE-6AEA-45A4-9B7E-A21B2A5C4CA7}
		{A5424F75-7D25-401F-B879-A195CDC44E56} = {87A29E25-9BE4-4A1A-9BC4-683A674F5A65}
		{9E8DBCEE-AE4F-4A89-A977-6886FCB482D0} = {87A29E25-9BE4-4A1A-9BC4-683A674F5A65}
		{1593950B-1B72-47A8-8ECB-5CBAD590843C} = {DA0F43CE-6AEA-45A4-9B7E-A21B2A5C4CA7}
		{EB28492E-7034-425D-A5D5-3E89693FBF40} = {DA0F43CE-6AEA-45A4-9B7E-A21B2A5C4CA7}
		{41FA12CF-9275-468F-9F4D-994A42588033} = {DA0F43CE-6AEA-45A4-9B7E-A21B2A5C4CA7}
		{5DD86835-E1E3-40BE-A17F-40D050C51200} = {DA0F43CE-6AEA-45A4-9B7E-A21B2A5C4CA7}
		{0C143EAF-B87F-4C1D-96BC-8B860EB39B55} = {DA0F43CE-6AEA-45A4-9B7E-A21B2A5C4CA7}
		{DEA738D4-05E1-45B4-91BE-D1BA4AA3B049} = {DA0F43CE-6AEA-45A4-9B7E-A21B2A5C4CA7}
		{D32EC220-AD37-4694-9AF0-CD75DE8ACE2F} = {DA0F43CE-6AEA-45A4-9B7E-A21B2A5C4CA7}
		{9225462E-E546-4640-B8A6-D184143390BA} = {DA0F43CE-6AEA-45A4-9B7E-A21B2A5C4CA7}
		{7948B533-B5E4-4C3F-97F2-44F95714FEA4} = {DA0F43CE-6AEA-45A4-9B7E-A21B2A5C4CA7}
		{EA857BF7-13B8-47A8-8427-85950EBD4D99} = {DA0F43CE-6AEA-45A4-9B7E-A21B2A5C4CA7}
		{5CBD777F-DF65-49FE-8200-F9DBDA6EC453} = {DA0F43CE-6AEA-45A4-9B7E-A21B2A5C4CA7}
		{A0199E7B-9339-495F-8372-138DE7A0C647} = {DA0F43CE-6AEA-45A4-9B7E-A21B2A5C4CA7}
		{7A115F1B-20CB-45C0-9955-EB5FA0023021} = {DA0F43CE-6AEA-45A4-9B7E-A21B2A5C4CA7}
		{E017E0E6-1435-4617-A2F0-3C54979FBCD6} = {DA0F43CE-6AEA-45A4-9B7E-A21B2A5C4CA7}
		{997C29D6-0DDA-42AC-B4A4-D3CB28F638B5} = {DA0F43CE-6AEA-45A4-9B7E-A21B2A5C4CA7}
		{4C04CD19-854D-4BCE-A80F-D35B78431122} = {DA0F43CE-6AEA-45A4-9B7E-A21B2A5C4CA7}
		{639FB0CD-957C-4348-B78D-F628252F8A8B} = {DA0F43CE-6AEA-45A4-9B7E-A21B2A5C4CA7}
		{697419D4-D75F-4B5E-8C94-8DD82320E7F9} = {DA0F43CE-6AEA-45A4-9B7E-A21B2A5C4CA7}
		{996B5B76-BDFA-48EF-BB3B-353B326FCC3A} = {DA0F43CE-6AEA-45A4-9B7E-A21B2A5C4CA7}
		{D7F07CAB-D1CB-4185-8B35-64CBAAC4C12D} = {1593950B-1B72-47A8-8ECB-5CBAD590843C}
		{89C97C2D-7554-4BB8-9E61-821A2BEA8BFD} = {1593950B-1B72-47A8-8ECB-5CBAD590843C}
		{AB612C32-0E49-4106-9DA8-3EBC98724E1F} = {EB28492E-7034-425D-A5D5-3E89693FBF40}
		{A1E6F6D6-0EA3-4DB0-8289-8EC84D165BA0} = {EB28492E-7034-425D-A5D5-3E89693FBF40}
		{4389E571-8CC9-4CD2-8CDB-2D362FEA0565} = {41FA12CF-9275-468F-9F4D-994A42588033}
		{A7656962-4949-4459-B94D-B52D8E75AB2D} = {41FA12CF-9275-468F-9F4D-994A42588033}
		{753E3F57-7EA5-4B68-8AF1-0627FB04C9A1} = {5DD86835-E1E3-40BE-A17F-40D050C51200}
		{453910E3-EE0E-46D2-9507-FCE4980167BE} = {5DD86835-E1E3-40BE-A17F-40D050C51200}
		{7DBB0EE4-E2C9-4749-84E6-C08E1B58C5D9} = {0C143EAF-B87F-4C1D-96BC-8B860EB39B55}
		{FBDD595E-66A6-4AB3-9340-7F417F9CF232} = {0C143EAF-B87F-4C1D-96BC-8B860EB39B55}
		{E5769210-865C-4188-BAC9-9624FC99E89F} = {DEA738D4-05E1-45B4-91BE-D1BA4AA3B049}
		{901BBD48-FC0A-437C-8F42-159FE35F81F9} = {DEA738D4-05E1-45B4-91BE-D1BA4AA3B049}
		{52927146-9CCC-43FD-BCD6-26A38A0CFCBD} = {D32EC220-AD37-4694-9AF0-CD75DE8ACE2F}
		{2914C9C5-C8AF-44C0-A0E2-E6A3C48DF141} = {D32EC220-AD37-4694-9AF0-CD75DE8ACE2F}
		{FC79F178-B36E-46AE-A12C-587D26828E19} = {9225462E-E546-4640-B8A6-D184143390BA}
		{1FD39529-DC57-4828-856A-17FE23C29C96} = {9225462E-E546-4640-B8A6-D184143390BA}
		{4AC1E67B-0D9D-499F-AAE7-34B7CC6CCD73} = {7948B533-B5E4-4C3F-97F2-44F95714FEA4}
		{427D55F5-3C43-4EAB-AE45-6317697880F7} = {7948B533-B5E4-4C3F-97F2-44F95714FEA4}
		{DE7683A5-0888-4D96-B0C6-28EDF661BF99} = {EA857BF7-13B8-47A8-8427-85950EBD4D99}
		{B7CF2BA6-1D53-4CBA-B328-0C57ED0320E2} = {EA857BF7-13B8-47A8-8427-85950EBD4D99}
		{994B12B7-79EA-48CD-8031-31E282D4022B} = {EB28492E-7034-425D-A5D5-3E89693FBF40}
		{90BFE57F-8133-4709-BCEA-B53708FA689B} = {5CBD777F-DF65-49FE-8200-F9DBDA6EC453}
		{4FCA8FD1-4016-4002-9BB3-C4AFE1980574} = {5CBD777F-DF65-49FE-8200-F9DBDA6EC453}
		{981EEC1F-8C57-43D8-A9F0-8A47562D9C34} = {A0199E7B-9339-495F-8372-138DE7A0C647}
		{13B85D2E-FAAE-4437-8AA2-B63B4A01B85B} = {A0199E7B-9339-495F-8372-138DE7A0C647}
		{3F222B56-38D9-4515-A0CD-521EAA86A4E7} = {7A115F1B-20CB-45C0-9955-EB5FA0023021}
		{7BB34663-CC27-46AC-BA90-24093FA287FA} = {7A115F1B-20CB-45C0-9955-EB5FA0023021}
		{3C50874F-3148-4CCF-A80C-2561C51B03B0} = {E017E0E6-1435-4617-A2F0-3C54979FBCD6}
		{61277FBB-546E-4A5B-8306-89085568FAC9} = {E017E0E6-1435-4617-A2F0-3C54979FBCD6}
		{1715FD88-F3F9-4A9E-9E16-665784A53C22} = {997C29D6-0DDA-42AC-B4A4-D3CB28F638B5}
		{5B6ABF46-D804-4EEC-AFAE-6C94DFB58538} = {997C29D6-0DDA-42AC-B4A4-D3CB28F638B5}
		{9EF55D6C-E479-4574-9FCC-D5F752409269} = {4C04CD19-854D-4BCE-A80F-D35B78431122}
		{03C4CB1B-A166-4529-9531-7D80F02F61CE} = {4C04CD19-854D-4BCE-A80F-D35B78431122}
		{5ECDD05B-0598-41F2-9171-7484E52A0C75} = {639FB0CD-957C-4348-B78D-F628252F8A8B}
		{6934695D-3B89-4430-8F8D-0D77F9264E30} = {639FB0CD-957C-4348-B78D-F628252F8A8B}
		{F138A72F-2B1A-478F-A347-6015493655DF} = {697419D4-D75F-4B5E-8C94-8DD82320E7F9}
		{3AB8EFB2-9B26-40C7-9268-4A50BF286881} = {697419D4-D75F-4B5E-8C94-8DD82320E7F9}
		{DB13396E-F1A0-44CE-988A-9AA393E2FA47} = {996B5B76-BDFA-48EF-BB3B-353B326FCC3A}
		{312B59BD-3855-4C33-B871-3D95AF0975FC} = {BBF8748F-EE0C-4742-95C0-4BA07E591932}
		{CE137261-5F76-4D74-B995-4157D5819756} = {BBF8748F-EE0C-4742-95C0-4BA07E591932}
		{7436DD8D-290D-493E-8BB2-E59CA225BB73} = {BBF8748F-EE0C-4742-95C0-4BA07E591932}
		{976963A8-865B-48FC-8FCE-CC95A2283FDB} = {BBF8748F-EE0C-4742-95C0-4BA07E591932}
		{F3211E0E-89D7-47FF-A84B-7B5F49010FE8} = {BBF8748F-EE0C-4742-95C0-4BA07E591932}
		{8150E7CA-9CB1-436E-9227-F9B3F1B252B1} = {BBF8748F-EE0C-4742-95C0-4BA07E591932}
		{C1D857D5-5A5C-491C-903A-9B7877AF7E4F} = {BBF8748F-EE0C-4742-95C0-4BA07E591932}
		{B0E76370-587A-4E4B-B257-2F96B8C8BA58} = {BBF8748F-EE0C-4742-95C0-4BA07E591932}
		{8F0EF8ED-1E39-4C88-AE0E-017F85B142C4} = {BBF8748F-EE0C-4742-95C0-4BA07E591932}
		{E9D6F3EA-BCEE-4A19-9729-FCBC8BD26A6E} = {BBF8748F-EE0C-4742-95C0-4BA07E591932}
		{CB81A0CF-1273-4DA1-BE7A-C44DB9EF8D63} = {BBF8748F-EE0C-4742-95C0-4BA07E591932}
		{5EDA6545-FD1E-4794-9710-BDCA33EABC01} = {BBF8748F-EE0C-4742-95C0-4BA07E591932}
		{D32D79BD-06E6-49BA-929C-64D370A92F87} = {BBF8748F-EE0C-4742-95C0-4BA07E591932}
		{5D48A24F-0ACB-4BD5-8F7C-80BD10F1886D} = {BBF8748F-EE0C-4742-95C0-4BA07E591932}
		{FC100191-1344-4110-98DF-5A2C6CFD3D1B} = {BBF8748F-EE0C-4742-95C0-4BA07E591932}
		{E75327B6-6550-44E4-A95B-DF18C106D86A} = {BBF8748F-EE0C-4742-95C0-4BA07E591932}
		{505807F6-480C-4D58-96EC-92721A52AFF8} = {BBF8748F-EE0C-4742-95C0-4BA07E591932}
		{29F429A3-5C9C-4564-BE1A-418B8879375B} = {BBF8748F-EE0C-4742-95C0-4BA07E591932}
		{0C709AC2-07B3-45B8-9566-E2835BDC00DD} = {BBF8748F-EE0C-4742-95C0-4BA07E591932}
		{321D7FF0-9C0F-4B1A-9569-4A6979027C8C} = {BBF8748F-EE0C-4742-95C0-4BA07E591932}
		{1CA91ADC-D133-467C-89B3-2582E76DD72A} = {BBF8748F-EE0C-4742-95C0-4BA07E591932}
		{2AF27F8E-953D-4AFC-B83D-516DD00E5F69} = {BBF8748F-EE0C-4742-95C0-4BA07E591932}
		{55E744D5-E808-495D-8C4E-E32F4B6A7979} = {BBF8748F-EE0C-4742-95C0-4BA07E591932}
		{F741FFA3-4BEF-4BC1-AFEC-5DD4F9976DB8} = {BBF8748F-EE0C-4742-95C0-4BA07E591932}
		{B8813EDE-DAC2-4BF6-B4F6-2D1B932F3058} = {BBF8748F-EE0C-4742-95C0-4BA07E591932}
		{C0E0B4AF-EA72-462B-975F-9D918DB2EC17} = {312B59BD-3855-4C33-B871-3D95AF0975FC}
		{A3FAA6EB-E6A4-4A30-B50E-C26C6EE3F800} = {312B59BD-3855-4C33-B871-3D95AF0975FC}
		{A6C80CE0-208E-4FDA-AC83-8DA851A81351} = {CE137261-5F76-4D74-B995-4157D5819756}
		{69240277-2921-4390-8439-4A21C6725036} = {CE137261-5F76-4D74-B995-4157D5819756}
		{DCC395A2-5AA4-4C1F-8EC0-02870EFA28A3} = {7436DD8D-290D-493E-8BB2-E59CA225BB73}
		{0ACB050D-AC58-4E6C-A80F-88D316DD02BA} = {7436DD8D-290D-493E-8BB2-E59CA225BB73}
		{B3673918-C78B-4F32-8C59-1BE963D2121A} = {976963A8-865B-48FC-8FCE-CC95A2283FDB}
		{8A4DA49A-5E29-4471-B770-2DF1AA84491F} = {976963A8-865B-48FC-8FCE-CC95A2283FDB}
		{9715DF96-D15C-4500-9DDD-D1C380F82A99} = {F3211E0E-89D7-47FF-A84B-7B5F49010FE8}
		{7BB33037-DDCC-42A7-83D1-D215D3ADA821} = {F3211E0E-89D7-47FF-A84B-7B5F49010FE8}
		{02E31812-8D66-42DE-AED8-3647486F8C52} = {8150E7CA-9CB1-436E-9227-F9B3F1B252B1}
		{FD546489-2897-456E-B2EB-A3ACE30405A0} = {8150E7CA-9CB1-436E-9227-F9B3F1B252B1}
		{B370E525-767D-4963-BCA0-4F0245317DF6} = {C1D857D5-5A5C-491C-903A-9B7877AF7E4F}
		{E800ED3B-0754-4E83-A41E-4AD201F34B8B} = {C1D857D5-5A5C-491C-903A-9B7877AF7E4F}
		{E2CA3DE5-AE02-41C7-A37A-1D8D8B009196} = {B0E76370-587A-4E4B-B257-2F96B8C8BA58}
		{34C352BE-EF9C-424F-A667-7C90925C3E49} = {B0E76370-587A-4E4B-B257-2F96B8C8BA58}
		{6F76F4CE-F537-4FAD-BB68-66E5F512A1AE} = {8F0EF8ED-1E39-4C88-AE0E-017F85B142C4}
		{EA87A797-E681-49A7-B651-2D12FD4F0E90} = {8F0EF8ED-1E39-4C88-AE0E-017F85B142C4}
		{E1B68F1B-8191-4A96-A077-6EF407744113} = {E9D6F3EA-BCEE-4A19-9729-FCBC8BD26A6E}
		{5831E4E8-CA46-4689-8B92-FBE3E51980FF} = {E9D6F3EA-BCEE-4A19-9729-FCBC8BD26A6E}
		{DC38BEC9-D46A-4FFE-AA84-4970685458F4} = {CB81A0CF-1273-4DA1-BE7A-C44DB9EF8D63}
		{C95BC660-3F45-4781-837C-700DEB6848F0} = {CB81A0CF-1273-4DA1-BE7A-C44DB9EF8D63}
		{B0B918B3-0029-4A1F-9B20-97077F4CF526} = {5EDA6545-FD1E-4794-9710-BDCA33EABC01}
		{024FAB63-D294-4A5F-9EC3-ABCF3CFE981F} = {5EDA6545-FD1E-4794-9710-BDCA33EABC01}
		{175F6853-B227-40DD-B8EA-94D99E268821} = {D32D79BD-06E6-49BA-929C-64D370A92F87}
		{40793B8A-7F96-4595-A7BC-4BA62D1333A5} = {D32D79BD-06E6-49BA-929C-64D370A92F87}
		{2F310CE4-B6CA-4F82-922B-88FF27182531} = {5D48A24F-0ACB-4BD5-8F7C-80BD10F1886D}
		{FAA96BE4-E9F6-45C2-82B0-2251974F39FC} = {5D48A24F-0ACB-4BD5-8F7C-80BD10F1886D}
		{85400FAA-D265-46C0-8A0C-A668739E17A4} = {FC100191-1344-4110-98DF-5A2C6CFD3D1B}
		{F899ED73-1A29-49E2-9EE1-156FA0CCEC7C} = {FC100191-1344-4110-98DF-5A2C6CFD3D1B}
		{E26EB3D5-EE74-461A-ADA4-1505F2435204} = {E75327B6-6550-44E4-A95B-DF18C106D86A}
		{4DF25075-1AA2-445A-9B0A-9D8BFE87640D} = {E75327B6-6550-44E4-A95B-DF18C106D86A}
		{265C860D-44ED-403E-BD03-19F1D5FF334A} = {505807F6-480C-4D58-96EC-92721A52AFF8}
		{593A337F-150B-468B-80E7-9B73BFBAAFD6} = {505807F6-480C-4D58-96EC-92721A52AFF8}
		{A1A98DC6-745F-472F-9FFE-BCC26446E3D4} = {29F429A3-5C9C-4564-BE1A-418B8879375B}
		{40859486-7BBD-4D0A-8CF2-553A40BB420B} = {29F429A3-5C9C-4564-BE1A-418B8879375B}
		{A3501EF0-BFFA-42A8-B319-CDF48C4B8C02} = {0C709AC2-07B3-45B8-9566-E2835BDC00DD}
		{356903B5-4941-403F-9C7F-3E1F692FFCDC} = {0C709AC2-07B3-45B8-9566-E2835BDC00DD}
		{9502994F-82FA-46E0-854F-CEB6CBF9A1AD} = {321D7FF0-9C0F-4B1A-9569-4A6979027C8C}
		{F3DE6ECE-760D-4529-BB89-BFF0C949B1DD} = {321D7FF0-9C0F-4B1A-9569-4A6979027C8C}
		{22DDCCE1-3006-4D72-A5B2-6763501E50FF} = {1CA91ADC-D133-467C-89B3-2582E76DD72A}
		{4155A900-A724-487C-8490-29E08CC57419} = {1CA91ADC-D133-467C-89B3-2582E76DD72A}
		{D8578D08-D119-497A-A96B-A060E0CA3896} = {2AF27F8E-953D-4AFC-B83D-516DD00E5F69}
		{D8B59DE9-3425-4BB2-946D-3DF9A03B0103} = {2AF27F8E-953D-4AFC-B83D-516DD00E5F69}
		{464231E2-075A-43C1-8576-48CCF14BA3CE} = {55E744D5-E808-495D-8C4E-E32F4B6A7979}
		{B79F662D-54AC-4C0A-BD81-68CF832ACD6F} = {55E744D5-E808-495D-8C4E-E32F4B6A7979}
		{AF049361-E7C3-4973-97D8-5900195D3912} = {F741FFA3-4BEF-4BC1-AFEC-5DD4F9976DB8}
		{C34143EA-A434-4238-BAE1-8F675D730BD5} = {F741FFA3-4BEF-4BC1-AFEC-5DD4F9976DB8}
		{66858451-0E63-467D-B714-FB7BB2F4970E} = {B8813EDE-DAC2-4BF6-B4F6-2D1B932F3058}
	EndGlobalSection
	GlobalSection(ExtensibilityGlobals) = postSolution
		SolutionGuid = {AA568CBD-928B-4378-93D6-DA80E336108B}
	EndGlobalSection
EndGlobal
