
Microsoft Visual Studio Solution File, Format Version 12.00
# Visual Studio Version 17
VisualStudioVersion = 17.10.35013.160
MinimumVisualStudioVersion = 10.0.40219.1
Project("{2150E333-8FDC-42A3-9474-1A3956D46DE8}") = "Shared codebase", "Shared codebase", "{D9A02077-29E0-4E4C-803A-F56382A194C3}"
EndProject
Project("{2150E333-8FDC-42A3-9474-1A3956D46DE8}") = "Tests", "Tests", "{0AEBD51C-0CA8-4681-A29C-6E1EBDD3524D}"
EndProject
Project("{9A19103F-16F7-4668-BE54-9A1E7A4F7556}") = "AoC.Pathfinding", "Shared codebase\AoC.Pathfinding\AoC.Pathfinding.csproj", "{16251223-30E2-4EF5-9D12-A523D9DFD823}"
EndProject
Project("{9A19103F-16F7-4668-BE54-9A1E7A4F7556}") = "TestDijkstra", "Tests\TestDijkstra\TestDijkstra.csproj", "{9D37A9DC-1747-4279-A7B4-05D5E2A9AE71}"
EndProject
Project("{FAE04EC0-301F-11D3-BF4B-00C04F79EFBC}") = "AoC.Geometry", "Shared codebase\AoC.Geometry\AoC.Geometry.csproj", "{AF5BBC16-EA20-46F5-BA25-C0872426DB0F}"
EndProject
Global
	GlobalSection(SolutionConfigurationPlatforms) = preSolution
		Debug|Any CPU = Debug|Any CPU
		Release|Any CPU = Release|Any CPU
	EndGlobalSection
	GlobalSection(ProjectConfigurationPlatforms) = postSolution
		{16251223-30E2-4EF5-9D12-A523D9DFD823}.Debug|Any CPU.ActiveCfg = Debug|Any CPU
		{16251223-30E2-4EF5-9D12-A523D9DFD823}.Debug|Any CPU.Build.0 = Debug|Any CPU
		{16251223-30E2-4EF5-9D12-A523D9DFD823}.Release|Any CPU.ActiveCfg = Release|Any CPU
		{16251223-30E2-4EF5-9D12-A523D9DFD823}.Release|Any CPU.Build.0 = Release|Any CPU
		{9D37A9DC-1747-4279-A7B4-05D5E2A9AE71}.Debug|Any CPU.ActiveCfg = Debug|Any CPU
		{9D37A9DC-1747-4279-A7B4-05D5E2A9AE71}.Debug|Any CPU.Build.0 = Debug|Any CPU
		{9D37A9DC-1747-4279-A7B4-05D5E2A9AE71}.Release|Any CPU.ActiveCfg = Release|Any CPU
		{9D37A9DC-1747-4279-A7B4-05D5E2A9AE71}.Release|Any CPU.Build.0 = Release|Any CPU
		{AF5BBC16-EA20-46F5-BA25-C0872426DB0F}.Debug|Any CPU.ActiveCfg = Debug|Any CPU
		{AF5BBC16-EA20-46F5-BA25-C0872426DB0F}.Debug|Any CPU.Build.0 = Debug|Any CPU
		{AF5BBC16-EA20-46F5-BA25-C0872426DB0F}.Release|Any CPU.ActiveCfg = Release|Any CPU
		{AF5BBC16-EA20-46F5-BA25-C0872426DB0F}.Release|Any CPU.Build.0 = Release|Any CPU
	EndGlobalSection
	GlobalSection(SolutionProperties) = preSolution
		HideSolutionNode = FALSE
	EndGlobalSection
	GlobalSection(NestedProjects) = preSolution
		{16251223-30E2-4EF5-9D12-A523D9DFD823} = {D9A02077-29E0-4E4C-803A-F56382A194C3}
		{9D37A9DC-1747-4279-A7B4-05D5E2A9AE71} = {0AEBD51C-0CA8-4681-A29C-6E1EBDD3524D}
		{AF5BBC16-EA20-46F5-BA25-C0872426DB0F} = {D9A02077-29E0-4E4C-803A-F56382A194C3}
	EndGlobalSection
	GlobalSection(ExtensibilityGlobals) = postSolution
		SolutionGuid = {AA568CBD-928B-4378-93D6-DA80E336108B}
	EndGlobalSection
EndGlobal
